// !$*UTF8*$!
{
	archiveVersion = 1;
	classes = {
	};
	objectVersion = 77;
	objects = {

/* Begin PBXBuildFile section */
		86367DDD2E3A241400012D4E /* AppDelegate.swift in Sources */ = {isa = PBXBuildFile; fileRef = 86367DD22E3A241400012D4E /* AppDelegate.swift */; };
		86367DDE2E3A241400012D4E /* MovieApp.xcdatamodeld in Sources */ = {isa = PBXBuildFile; fileRef = 86367DD72E3A241400012D4E /* MovieApp.xcdatamodeld */; };
		86367DDF2E3A241400012D4E /* SceneDelegate.swift in Sources */ = {isa = PBXBuildFile; fileRef = 86367DD82E3A241400012D4E /* SceneDelegate.swift */; };
		86367DE12E3A241400012D4E /* Assets.xcassets in Resources */ = {isa = PBXBuildFile; fileRef = 86367DD32E3A241400012D4E /* Assets.xcassets */; };
		86367DE32E3A241400012D4E /* LaunchScreen.storyboard in Resources */ = {isa = PBXBuildFile; fileRef = 86367DD52E3A241400012D4E /* LaunchScreen.storyboard */; };
		86367DF52E3A29A100012D4E /* Builder.swift in Sources */ = {isa = PBXBuildFile; fileRef = 86367DF42E3A29A100012D4E /* Builder.swift */; };
		86367E3D2E3BC04900012D4E /* UIViewExtension.swift in Sources */ = {isa = PBXBuildFile; fileRef = 86367E3C2E3BC04900012D4E /* UIViewExtension.swift */; };
		86367EC52E3D16A300012D4E /* PasscodeStateExtension.swift in Sources */ = {isa = PBXBuildFile; fileRef = 86367EC42E3D16A300012D4E /* PasscodeStateExtension.swift */; };
		86367ED52E3E80A900012D4E /* KeychainAccess in Frameworks */ = {isa = PBXBuildFile; productRef = 86367ED42E3E80A900012D4E /* KeychainAccess */; };
		86367EE62E40C43200012D4E /* StringProtocolExtension.swift in Sources */ = {isa = PBXBuildFile; fileRef = 86367EE52E40C43200012D4E /* StringProtocolExtension.swift */; };
		863680272E4B542500012D4E /* CellLabel.swift in Sources */ = {isa = PBXBuildFile; fileRef = 863680262E4B542500012D4E /* CellLabel.swift */; };
		867173ED2E5DC19500681D72 /* Genres.swift in Sources */ = {isa = PBXBuildFile; fileRef = 867173A72E5DC19500681D72 /* Genres.swift */; };
		867173EE2E5DC19500681D72 /* MovieDetails.swift in Sources */ = {isa = PBXBuildFile; fileRef = 867173A82E5DC19500681D72 /* MovieDetails.swift */; };
		867173EF2E5DC19500681D72 /* GenreDTO.swift in Sources */ = {isa = PBXBuildFile; fileRef = 867173AA2E5DC19500681D72 /* GenreDTO.swift */; };
		867173F02E5DC19500681D72 /* MovieDetailsDTO.swift in Sources */ = {isa = PBXBuildFile; fileRef = 867173AB2E5DC19500681D72 /* MovieDetailsDTO.swift */; };
		867174EC2E5EFB0300681D72 /* MovieDetailsRepositoryProtocol.swift in Sources */ = {isa = PBXBuildFile; fileRef = 867174EB2E5EFB0300681D72 /* MovieDetailsRepositoryProtocol.swift */; };
		8671755B2E5F15BD00681D72 /* MovieVideo.swift in Sources */ = {isa = PBXBuildFile; fileRef = 8671755A2E5F15BD00681D72 /* MovieVideo.swift */; };
		8671755D2E5F15CB00681D72 /* MovieVideoDTO.swift in Sources */ = {isa = PBXBuildFile; fileRef = 8671755C2E5F15CB00681D72 /* MovieVideoDTO.swift */; };
		8671755F2E5F164F00681D72 /* GenreRepositoryProtocol.swift in Sources */ = {isa = PBXBuildFile; fileRef = 8671755E2E5F164F00681D72 /* GenreRepositoryProtocol.swift */; };
		867175612E5F165D00681D72 /* MovieVideoRepositoryProtocol.swift in Sources */ = {isa = PBXBuildFile; fileRef = 867175602E5F165D00681D72 /* MovieVideoRepositoryProtocol.swift */; };
		8671757C2E60A4CA00681D72 /* MockGenreRepository.swift in Sources */ = {isa = PBXBuildFile; fileRef = 867175792E60A4CA00681D72 /* MockGenreRepository.swift */; };
		8671757D2E60A4CA00681D72 /* MockMovieDetailsRepository.swift in Sources */ = {isa = PBXBuildFile; fileRef = 8671757A2E60A4CA00681D72 /* MockMovieDetailsRepository.swift */; };
		8671757E2E60A4CA00681D72 /* MockMovieVideoRepository.swift in Sources */ = {isa = PBXBuildFile; fileRef = 8671757B2E60A4CA00681D72 /* MockMovieVideoRepository.swift */; };
		8671761B2E65D1E600681D72 /* MovieSimilarDTO.swift in Sources */ = {isa = PBXBuildFile; fileRef = 8671761A2E65D1E600681D72 /* MovieSimilarDTO.swift */; };
		8671761D2E65D20100681D72 /* MovieSimilar.swift in Sources */ = {isa = PBXBuildFile; fileRef = 8671761C2E65D20100681D72 /* MovieSimilar.swift */; };
		867176252E6603A200681D72 /* MovieSimilarRepositoryProtocol.swift in Sources */ = {isa = PBXBuildFile; fileRef = 867176242E6603A100681D72 /* MovieSimilarRepositoryProtocol.swift */; };
		867176272E6603CF00681D72 /* MockMovieSimilarRepository.swift in Sources */ = {isa = PBXBuildFile; fileRef = 867176262E6603CF00681D72 /* MockMovieSimilarRepository.swift */; };
		867176A52E6A1ADD00681D72 /* TopRatedMovieDTO.swift in Sources */ = {isa = PBXBuildFile; fileRef = 867176A42E6A1ADC00681D72 /* TopRatedMovieDTO.swift */; };
		867176A72E6A1D6000681D72 /* UpcomingMovieDTO.swift in Sources */ = {isa = PBXBuildFile; fileRef = 867176A62E6A1D6000681D72 /* UpcomingMovieDTO.swift */; };
		867176BC2E6AEA8300681D72 /* Movie.swift in Sources */ = {isa = PBXBuildFile; fileRef = 867176BB2E6AEA8300681D72 /* Movie.swift */; };
		867176BE2E6AEF4200681D72 /* MovieRepositoryProtocol.swift in Sources */ = {isa = PBXBuildFile; fileRef = 867176BD2E6AEF4200681D72 /* MovieRepositoryProtocol.swift */; };
		867176C02E6AEF5E00681D72 /* MockMovieRepository.swift in Sources */ = {isa = PBXBuildFile; fileRef = 867176BF2E6AEF5E00681D72 /* MockMovieRepository.swift */; };
/* End PBXBuildFile section */

/* Begin PBXFileReference section */
		86367DD22E3A241400012D4E /* AppDelegate.swift */ = {isa = PBXFileReference; lastKnownFileType = sourcecode.swift; path = AppDelegate.swift; sourceTree = "<group>"; };
		86367DD32E3A241400012D4E /* Assets.xcassets */ = {isa = PBXFileReference; lastKnownFileType = folder.assetcatalog; path = Assets.xcassets; sourceTree = "<group>"; };
		86367DD42E3A241400012D4E /* Info.plist */ = {isa = PBXFileReference; lastKnownFileType = text.plist.xml; path = Info.plist; sourceTree = "<group>"; };
		86367DD82E3A241400012D4E /* SceneDelegate.swift */ = {isa = PBXFileReference; lastKnownFileType = sourcecode.swift; path = SceneDelegate.swift; sourceTree = "<group>"; };
		86367DDB2E3A241400012D4E /* Base */ = {isa = PBXFileReference; lastKnownFileType = file.storyboard; name = Base; path = Base.lproj/LaunchScreen.storyboard; sourceTree = "<group>"; };
		86367DDC2E3A241400012D4E /* MovieApp.xcdatamodel */ = {isa = PBXFileReference; lastKnownFileType = wrapper.xcdatamodel; path = MovieApp.xcdatamodel; sourceTree = "<group>"; };
		86367DF42E3A29A100012D4E /* Builder.swift */ = {isa = PBXFileReference; lastKnownFileType = sourcecode.swift; path = Builder.swift; sourceTree = "<group>"; };
		86367E3C2E3BC04900012D4E /* UIViewExtension.swift */ = {isa = PBXFileReference; lastKnownFileType = sourcecode.swift; path = UIViewExtension.swift; sourceTree = "<group>"; };
		86367EC42E3D16A300012D4E /* PasscodeStateExtension.swift */ = {isa = PBXFileReference; lastKnownFileType = sourcecode.swift; path = PasscodeStateExtension.swift; sourceTree = "<group>"; };
		86367EE52E40C43200012D4E /* StringProtocolExtension.swift */ = {isa = PBXFileReference; lastKnownFileType = sourcecode.swift; path = StringProtocolExtension.swift; sourceTree = "<group>"; };
		863680262E4B542500012D4E /* CellLabel.swift */ = {isa = PBXFileReference; lastKnownFileType = sourcecode.swift; path = CellLabel.swift; sourceTree = "<group>"; };
		867173A72E5DC19500681D72 /* Genres.swift */ = {isa = PBXFileReference; lastKnownFileType = sourcecode.swift; path = Genres.swift; sourceTree = "<group>"; };
		867173A82E5DC19500681D72 /* MovieDetails.swift */ = {isa = PBXFileReference; lastKnownFileType = sourcecode.swift; path = MovieDetails.swift; sourceTree = "<group>"; };
		867173AA2E5DC19500681D72 /* GenreDTO.swift */ = {isa = PBXFileReference; lastKnownFileType = sourcecode.swift; path = GenreDTO.swift; sourceTree = "<group>"; };
		867173AB2E5DC19500681D72 /* MovieDetailsDTO.swift */ = {isa = PBXFileReference; lastKnownFileType = sourcecode.swift; path = MovieDetailsDTO.swift; sourceTree = "<group>"; };
		867174EB2E5EFB0300681D72 /* MovieDetailsRepositoryProtocol.swift */ = {isa = PBXFileReference; lastKnownFileType = sourcecode.swift; path = MovieDetailsRepositoryProtocol.swift; sourceTree = "<group>"; };
		8671755A2E5F15BD00681D72 /* MovieVideo.swift */ = {isa = PBXFileReference; lastKnownFileType = sourcecode.swift; path = MovieVideo.swift; sourceTree = "<group>"; };
		8671755C2E5F15CB00681D72 /* MovieVideoDTO.swift */ = {isa = PBXFileReference; lastKnownFileType = sourcecode.swift; path = MovieVideoDTO.swift; sourceTree = "<group>"; };
		8671755E2E5F164F00681D72 /* GenreRepositoryProtocol.swift */ = {isa = PBXFileReference; lastKnownFileType = sourcecode.swift; path = GenreRepositoryProtocol.swift; sourceTree = "<group>"; };
		867175602E5F165D00681D72 /* MovieVideoRepositoryProtocol.swift */ = {isa = PBXFileReference; lastKnownFileType = sourcecode.swift; path = MovieVideoRepositoryProtocol.swift; sourceTree = "<group>"; };
		867175792E60A4CA00681D72 /* MockGenreRepository.swift */ = {isa = PBXFileReference; lastKnownFileType = sourcecode.swift; path = MockGenreRepository.swift; sourceTree = "<group>"; };
		8671757A2E60A4CA00681D72 /* MockMovieDetailsRepository.swift */ = {isa = PBXFileReference; lastKnownFileType = sourcecode.swift; path = MockMovieDetailsRepository.swift; sourceTree = "<group>"; };
		8671757B2E60A4CA00681D72 /* MockMovieVideoRepository.swift */ = {isa = PBXFileReference; lastKnownFileType = sourcecode.swift; path = MockMovieVideoRepository.swift; sourceTree = "<group>"; };
		8671761A2E65D1E600681D72 /* MovieSimilarDTO.swift */ = {isa = PBXFileReference; lastKnownFileType = sourcecode.swift; path = MovieSimilarDTO.swift; sourceTree = "<group>"; };
		8671761C2E65D20100681D72 /* MovieSimilar.swift */ = {isa = PBXFileReference; lastKnownFileType = sourcecode.swift; path = MovieSimilar.swift; sourceTree = "<group>"; };
		867176242E6603A100681D72 /* MovieSimilarRepositoryProtocol.swift */ = {isa = PBXFileReference; lastKnownFileType = sourcecode.swift; path = MovieSimilarRepositoryProtocol.swift; sourceTree = "<group>"; };
		867176262E6603CF00681D72 /* MockMovieSimilarRepository.swift */ = {isa = PBXFileReference; lastKnownFileType = sourcecode.swift; path = MockMovieSimilarRepository.swift; sourceTree = "<group>"; };
		867176A42E6A1ADC00681D72 /* TopRatedMovieDTO.swift */ = {isa = PBXFileReference; lastKnownFileType = sourcecode.swift; path = TopRatedMovieDTO.swift; sourceTree = "<group>"; };
		867176A62E6A1D6000681D72 /* UpcomingMovieDTO.swift */ = {isa = PBXFileReference; lastKnownFileType = sourcecode.swift; path = UpcomingMovieDTO.swift; sourceTree = "<group>"; };
		867176BB2E6AEA8300681D72 /* Movie.swift */ = {isa = PBXFileReference; lastKnownFileType = sourcecode.swift; path = Movie.swift; sourceTree = "<group>"; };
		867176BD2E6AEF4200681D72 /* MovieRepositoryProtocol.swift */ = {isa = PBXFileReference; lastKnownFileType = sourcecode.swift; path = MovieRepositoryProtocol.swift; sourceTree = "<group>"; };
		867176BF2E6AEF5E00681D72 /* MockMovieRepository.swift */ = {isa = PBXFileReference; lastKnownFileType = sourcecode.swift; path = MockMovieRepository.swift; sourceTree = "<group>"; };
		868D07032E33982A00224CD9 /* MovieApp.app */ = {isa = PBXFileReference; explicitFileType = wrapper.application; includeInIndex = 0; path = MovieApp.app; sourceTree = BUILT_PRODUCTS_DIR; };
/* End PBXFileReference section */

/* Begin PBXFileSystemSynchronizedRootGroup section */
		868D07052E33982A00224CD9 /* Presentation */ = {
			isa = PBXFileSystemSynchronizedRootGroup;
			path = Presentation;
			sourceTree = "<group>";
		};
/* End PBXFileSystemSynchronizedRootGroup section */

/* Begin PBXFrameworksBuildPhase section */
		868D07002E33982A00224CD9 /* Frameworks */ = {
			isa = PBXFrameworksBuildPhase;
			buildActionMask = 2147483647;
			files = (
				86367ED52E3E80A900012D4E /* KeychainAccess in Frameworks */,
			);
			runOnlyForDeploymentPostprocessing = 0;
		};
/* End PBXFrameworksBuildPhase section */

/* Begin PBXGroup section */
		86367DE52E3A249300012D4E /* Resources */ = {
			isa = PBXGroup;
			children = (
				86367DD32E3A241400012D4E /* Assets.xcassets */,
				86367DD42E3A241400012D4E /* Info.plist */,
				86367DD52E3A241400012D4E /* LaunchScreen.storyboard */,
			);
			path = Resources;
			sourceTree = "<group>";
		};
		86367DE62E3A24AD00012D4E /* Storage */ = {
			isa = PBXGroup;
			children = (
				86367DD72E3A241400012D4E /* MovieApp.xcdatamodeld */,
			);
			path = Storage;
			sourceTree = "<group>";
		};
		86367DE72E3A24B700012D4E /* Applications */ = {
			isa = PBXGroup;
			children = (
				86367DD22E3A241400012D4E /* AppDelegate.swift */,
				86367DD82E3A241400012D4E /* SceneDelegate.swift */,
			);
			path = Applications;
			sourceTree = "<group>";
		};
		86367DE82E3A24C700012D4E /* Builder */ = {
			isa = PBXGroup;
			children = (
				86367DF42E3A29A100012D4E /* Builder.swift */,
			);
			path = Builder;
			sourceTree = "<group>";
		};
		86367DE92E3A24D000012D4E /* Extensions */ = {
			isa = PBXGroup;
			children = (
				86367E3C2E3BC04900012D4E /* UIViewExtension.swift */,
				86367EC42E3D16A300012D4E /* PasscodeStateExtension.swift */,
				86367EE52E40C43200012D4E /* StringProtocolExtension.swift */,
			);
			path = Extensions;
			sourceTree = "<group>";
		};
		863680232E4B536B00012D4E /* Helper */ = {
			isa = PBXGroup;
			children = (
				863680262E4B542500012D4E /* CellLabel.swift */,
			);
			path = Helper;
			sourceTree = "<group>";
		};
		867174102E5DE5C300681D72 /* Domain */ = {
			isa = PBXGroup;
			children = (
				867174812E5DFB4B00681D72 /* UseCases */,
				867174122E5DE5F200681D72 /* Repositories */,
				867174112E5DE5DB00681D72 /* Entities */,
			);
			path = Domain;
			sourceTree = "<group>";
		};
		867174112E5DE5DB00681D72 /* Entities */ = {
			isa = PBXGroup;
			children = (
				867173A82E5DC19500681D72 /* MovieDetails.swift */,
				867173A72E5DC19500681D72 /* Genres.swift */,
				8671755A2E5F15BD00681D72 /* MovieVideo.swift */,
				8671761C2E65D20100681D72 /* MovieSimilar.swift */,
				867176BB2E6AEA8300681D72 /* Movie.swift */,
			);
			path = Entities;
			sourceTree = "<group>";
		};
		867174122E5DE5F200681D72 /* Repositories */ = {
			isa = PBXGroup;
			children = (
				867174EB2E5EFB0300681D72 /* MovieDetailsRepositoryProtocol.swift */,
				8671755E2E5F164F00681D72 /* GenreRepositoryProtocol.swift */,
				867175602E5F165D00681D72 /* MovieVideoRepositoryProtocol.swift */,
				867176242E6603A100681D72 /* MovieSimilarRepositoryProtocol.swift */,
				867176BD2E6AEF4200681D72 /* MovieRepositoryProtocol.swift */,
			);
			path = Repositories;
			sourceTree = "<group>";
		};
		867174132E5DE60800681D72 /* Data */ = {
			isa = PBXGroup;
			children = (
				867176192E65D00E00681D72 /* RepositoryImpl */,
				867174162E5DE87D00681D72 /* Network */,
				867174152E5DE87500681D72 /* DTO */,
			);
			path = Data;
			sourceTree = "<group>";
		};
		867174152E5DE87500681D72 /* DTO */ = {
			isa = PBXGroup;
			children = (
				867173AB2E5DC19500681D72 /* MovieDetailsDTO.swift */,
				867173AA2E5DC19500681D72 /* GenreDTO.swift */,
				8671755C2E5F15CB00681D72 /* MovieVideoDTO.swift */,
				8671761A2E65D1E600681D72 /* MovieSimilarDTO.swift */,
				867176A42E6A1ADC00681D72 /* TopRatedMovieDTO.swift */,
				867176A62E6A1D6000681D72 /* UpcomingMovieDTO.swift */,
			);
			path = DTO;
			sourceTree = "<group>";
		};
		867174162E5DE87D00681D72 /* Network */ = {
			isa = PBXGroup;
			children = (
			);
			path = Network;
			sourceTree = "<group>";
		};
		867174812E5DFB4B00681D72 /* UseCases */ = {
			isa = PBXGroup;
			children = (
			);
			path = UseCases;
			sourceTree = "<group>";
		};
		867176192E65D00E00681D72 /* RepositoryImpl */ = {
			isa = PBXGroup;
			children = (
				867175792E60A4CA00681D72 /* MockGenreRepository.swift */,
				8671757A2E60A4CA00681D72 /* MockMovieDetailsRepository.swift */,
				8671757B2E60A4CA00681D72 /* MockMovieVideoRepository.swift */,
				867176262E6603CF00681D72 /* MockMovieSimilarRepository.swift */,
				867176BF2E6AEF5E00681D72 /* MockMovieRepository.swift */,
			);
			path = RepositoryImpl;
			sourceTree = "<group>";
		};
		868D06FA2E33982A00224CD9 = {
			isa = PBXGroup;
			children = (
				86367DE72E3A24B700012D4E /* Applications */,
				86367DE82E3A24C700012D4E /* Builder */,
				867174132E5DE60800681D72 /* Data */,
				867174102E5DE5C300681D72 /* Domain */,
				868D07052E33982A00224CD9 /* Presentation */,
				863680232E4B536B00012D4E /* Helper */,
				86367DE92E3A24D000012D4E /* Extensions */,
				86367DE62E3A24AD00012D4E /* Storage */,
				86367DE52E3A249300012D4E /* Resources */,
				868D07042E33982A00224CD9 /* Products */,
			);
			sourceTree = "<group>";
		};
		868D07042E33982A00224CD9 /* Products */ = {
			isa = PBXGroup;
			children = (
				868D07032E33982A00224CD9 /* MovieApp.app */,
			);
			name = Products;
			sourceTree = "<group>";
		};
/* End PBXGroup section */

/* Begin PBXNativeTarget section */
		868D07022E33982A00224CD9 /* MovieApp */ = {
			isa = PBXNativeTarget;
			buildConfigurationList = 868D07192E33982C00224CD9 /* Build configuration list for PBXNativeTarget "MovieApp" */;
			buildPhases = (
				868D06FF2E33982A00224CD9 /* Sources */,
				868D07002E33982A00224CD9 /* Frameworks */,
				868D07012E33982A00224CD9 /* Resources */,
			);
			buildRules = (
			);
			dependencies = (
			);
			fileSystemSynchronizedGroups = (
				868D07052E33982A00224CD9 /* Presentation */,
			);
			name = MovieApp;
			packageProductDependencies = (
				86367ED42E3E80A900012D4E /* KeychainAccess */,
			);
			productName = MovieApp;
			productReference = 868D07032E33982A00224CD9 /* MovieApp.app */;
			productType = "com.apple.product-type.application";
		};
/* End PBXNativeTarget section */

/* Begin PBXProject section */
		868D06FB2E33982A00224CD9 /* Project object */ = {
			isa = PBXProject;
			attributes = {
				BuildIndependentTargetsInParallel = 1;
				LastSwiftUpdateCheck = 1620;
				LastUpgradeCheck = 1620;
				TargetAttributes = {
					868D07022E33982A00224CD9 = {
						CreatedOnToolsVersion = 16.2;
					};
				};
			};
			buildConfigurationList = 868D06FE2E33982A00224CD9 /* Build configuration list for PBXProject "MovieApp" */;
			developmentRegion = en;
			hasScannedForEncodings = 0;
			knownRegions = (
				en,
				Base,
			);
			mainGroup = 868D06FA2E33982A00224CD9;
			minimizedProjectReferenceProxies = 1;
			packageReferences = (
				86367ED32E3E80A900012D4E /* XCRemoteSwiftPackageReference "KeychainAccess" */,
			);
			preferredProjectObjectVersion = 77;
			productRefGroup = 868D07042E33982A00224CD9 /* Products */;
			projectDirPath = "";
			projectRoot = "";
			targets = (
				868D07022E33982A00224CD9 /* MovieApp */,
			);
		};
/* End PBXProject section */

/* Begin PBXResourcesBuildPhase section */
		868D07012E33982A00224CD9 /* Resources */ = {
			isa = PBXResourcesBuildPhase;
			buildActionMask = 2147483647;
			files = (
				86367DE12E3A241400012D4E /* Assets.xcassets in Resources */,
				86367DE32E3A241400012D4E /* LaunchScreen.storyboard in Resources */,
			);
			runOnlyForDeploymentPostprocessing = 0;
		};
/* End PBXResourcesBuildPhase section */

/* Begin PBXSourcesBuildPhase section */
		868D06FF2E33982A00224CD9 /* Sources */ = {
			isa = PBXSourcesBuildPhase;
			buildActionMask = 2147483647;
			files = (
				867173ED2E5DC19500681D72 /* Genres.swift in Sources */,
				867173EE2E5DC19500681D72 /* MovieDetails.swift in Sources */,
				867173EF2E5DC19500681D72 /* GenreDTO.swift in Sources */,
				867175612E5F165D00681D72 /* MovieVideoRepositoryProtocol.swift in Sources */,
				867173F02E5DC19500681D72 /* MovieDetailsDTO.swift in Sources */,
				86367EC52E3D16A300012D4E /* PasscodeStateExtension.swift in Sources */,
				8671755D2E5F15CB00681D72 /* MovieVideoDTO.swift in Sources */,
				8671755B2E5F15BD00681D72 /* MovieVideo.swift in Sources */,
				867176BE2E6AEF4200681D72 /* MovieRepositoryProtocol.swift in Sources */,
				867176BC2E6AEA8300681D72 /* Movie.swift in Sources */,
				867176A72E6A1D6000681D72 /* UpcomingMovieDTO.swift in Sources */,
				867176A52E6A1ADD00681D72 /* TopRatedMovieDTO.swift in Sources */,
				86367DDD2E3A241400012D4E /* AppDelegate.swift in Sources */,
				86367DDE2E3A241400012D4E /* MovieApp.xcdatamodeld in Sources */,
				86367DDF2E3A241400012D4E /* SceneDelegate.swift in Sources */,
				86367DF52E3A29A100012D4E /* Builder.swift in Sources */,
				867174EC2E5EFB0300681D72 /* MovieDetailsRepositoryProtocol.swift in Sources */,
				867176C02E6AEF5E00681D72 /* MockMovieRepository.swift in Sources */,
				867176252E6603A200681D72 /* MovieSimilarRepositoryProtocol.swift in Sources */,
				8671757C2E60A4CA00681D72 /* MockGenreRepository.swift in Sources */,
				867176272E6603CF00681D72 /* MockMovieSimilarRepository.swift in Sources */,
				8671761D2E65D20100681D72 /* MovieSimilar.swift in Sources */,
				8671761B2E65D1E600681D72 /* MovieSimilarDTO.swift in Sources */,
				8671757D2E60A4CA00681D72 /* MockMovieDetailsRepository.swift in Sources */,
				8671757E2E60A4CA00681D72 /* MockMovieVideoRepository.swift in Sources */,
				863680272E4B542500012D4E /* CellLabel.swift in Sources */,
				86367E3D2E3BC04900012D4E /* UIViewExtension.swift in Sources */,
				86367EE62E40C43200012D4E /* StringProtocolExtension.swift in Sources */,
				8671755F2E5F164F00681D72 /* GenreRepositoryProtocol.swift in Sources */,
			);
			runOnlyForDeploymentPostprocessing = 0;
		};
/* End PBXSourcesBuildPhase section */

/* Begin PBXVariantGroup section */
		86367DD52E3A241400012D4E /* LaunchScreen.storyboard */ = {
			isa = PBXVariantGroup;
			children = (
				86367DDB2E3A241400012D4E /* Base */,
			);
			name = LaunchScreen.storyboard;
			sourceTree = "<group>";
		};
/* End PBXVariantGroup section */

/* Begin XCBuildConfiguration section */
		868D071A2E33982C00224CD9 /* Debug */ = {
			isa = XCBuildConfiguration;
			buildSettings = {
				ASSETCATALOG_COMPILER_APPICON_NAME = AppIcon;
				ASSETCATALOG_COMPILER_GLOBAL_ACCENT_COLOR_NAME = AccentColor;
				CODE_SIGN_STYLE = Automatic;
				CURRENT_PROJECT_VERSION = 1;
				GENERATE_INFOPLIST_FILE = YES;
				INFOPLIST_FILE = /Users/VladOS/Developer/MovieApp/Resources/Info.plist;
				INFOPLIST_KEY_UIApplicationSupportsIndirectInputEvents = YES;
				INFOPLIST_KEY_UILaunchStoryboardName = LaunchScreen;
				INFOPLIST_KEY_UISupportedInterfaceOrientations_iPad = "UIInterfaceOrientationPortrait UIInterfaceOrientationPortraitUpsideDown UIInterfaceOrientationLandscapeLeft UIInterfaceOrientationLandscapeRight";
				INFOPLIST_KEY_UISupportedInterfaceOrientations_iPhone = "UIInterfaceOrientationPortrait UIInterfaceOrientationLandscapeLeft UIInterfaceOrientationLandscapeRight";
				LD_RUNPATH_SEARCH_PATHS = (
					"$(inherited)",
					"@executable_path/Frameworks",
				);
				MARKETING_VERSION = 1.0;
				PRODUCT_BUNDLE_IDENTIFIER = com.VladOS.MovieApp;
				PRODUCT_NAME = "$(TARGET_NAME)";
				SWIFT_EMIT_LOC_STRINGS = YES;
				SWIFT_VERSION = 5.0;
				TARGETED_DEVICE_FAMILY = "1,2";
			};
			name = Debug;
		};
		868D071B2E33982C00224CD9 /* Release */ = {
			isa = XCBuildConfiguration;
			buildSettings = {
				ASSETCATALOG_COMPILER_APPICON_NAME = AppIcon;
				ASSETCATALOG_COMPILER_GLOBAL_ACCENT_COLOR_NAME = AccentColor;
				CODE_SIGN_STYLE = Automatic;
				CURRENT_PROJECT_VERSION = 1;
				GENERATE_INFOPLIST_FILE = YES;
				INFOPLIST_FILE = /Users/VladOS/Developer/MovieApp/Resources/Info.plist;
				INFOPLIST_KEY_UIApplicationSupportsIndirectInputEvents = YES;
				INFOPLIST_KEY_UILaunchStoryboardName = LaunchScreen;
				INFOPLIST_KEY_UISupportedInterfaceOrientations_iPad = "UIInterfaceOrientationPortrait UIInterfaceOrientationPortraitUpsideDown UIInterfaceOrientationLandscapeLeft UIInterfaceOrientationLandscapeRight";
				INFOPLIST_KEY_UISupportedInterfaceOrientations_iPhone = "UIInterfaceOrientationPortrait UIInterfaceOrientationLandscapeLeft UIInterfaceOrientationLandscapeRight";
				LD_RUNPATH_SEARCH_PATHS = (
					"$(inherited)",
					"@executable_path/Frameworks",
				);
				MARKETING_VERSION = 1.0;
				PRODUCT_BUNDLE_IDENTIFIER = com.VladOS.MovieApp;
				PRODUCT_NAME = "$(TARGET_NAME)";
				SWIFT_EMIT_LOC_STRINGS = YES;
				SWIFT_VERSION = 5.0;
				TARGETED_DEVICE_FAMILY = "1,2";
			};
			name = Release;
		};
		868D071C2E33982C00224CD9 /* Debug */ = {
			isa = XCBuildConfiguration;
			buildSettings = {
				ALWAYS_SEARCH_USER_PATHS = NO;
				ASSETCATALOG_COMPILER_GENERATE_SWIFT_ASSET_SYMBOL_EXTENSIONS = YES;
				CLANG_ANALYZER_NONNULL = YES;
				CLANG_ANALYZER_NUMBER_OBJECT_CONVERSION = YES_AGGRESSIVE;
				CLANG_CXX_LANGUAGE_STANDARD = "gnu++20";
				CLANG_ENABLE_MODULES = YES;
				CLANG_ENABLE_OBJC_ARC = YES;
				CLANG_ENABLE_OBJC_WEAK = YES;
				CLANG_WARN_BLOCK_CAPTURE_AUTORELEASING = YES;
				CLANG_WARN_BOOL_CONVERSION = YES;
				CLANG_WARN_COMMA = YES;
				CLANG_WARN_CONSTANT_CONVERSION = YES;
				CLANG_WARN_DEPRECATED_OBJC_IMPLEMENTATIONS = YES;
				CLANG_WARN_DIRECT_OBJC_ISA_USAGE = YES_ERROR;
				CLANG_WARN_DOCUMENTATION_COMMENTS = YES;
				CLANG_WARN_EMPTY_BODY = YES;
				CLANG_WARN_ENUM_CONVERSION = YES;
				CLANG_WARN_INFINITE_RECURSION = YES;
				CLANG_WARN_INT_CONVERSION = YES;
				CLANG_WARN_NON_LITERAL_NULL_CONVERSION = YES;
				CLANG_WARN_OBJC_IMPLICIT_RETAIN_SELF = YES;
				CLANG_WARN_OBJC_LITERAL_CONVERSION = YES;
				CLANG_WARN_OBJC_ROOT_CLASS = YES_ERROR;
				CLANG_WARN_QUOTED_INCLUDE_IN_FRAMEWORK_HEADER = YES;
				CLANG_WARN_RANGE_LOOP_ANALYSIS = YES;
				CLANG_WARN_STRICT_PROTOTYPES = YES;
				CLANG_WARN_SUSPICIOUS_MOVE = YES;
				CLANG_WARN_UNGUARDED_AVAILABILITY = YES_AGGRESSIVE;
				CLANG_WARN_UNREACHABLE_CODE = YES;
				CLANG_WARN__DUPLICATE_METHOD_MATCH = YES;
				COPY_PHASE_STRIP = NO;
				DEBUG_INFORMATION_FORMAT = dwarf;
				ENABLE_STRICT_OBJC_MSGSEND = YES;
				ENABLE_TESTABILITY = YES;
				ENABLE_USER_SCRIPT_SANDBOXING = YES;
				GCC_C_LANGUAGE_STANDARD = gnu17;
				GCC_DYNAMIC_NO_PIC = NO;
				GCC_NO_COMMON_BLOCKS = YES;
				GCC_OPTIMIZATION_LEVEL = 0;
				GCC_PREPROCESSOR_DEFINITIONS = (
					"DEBUG=1",
					"$(inherited)",
				);
				GCC_WARN_64_TO_32_BIT_CONVERSION = YES;
				GCC_WARN_ABOUT_RETURN_TYPE = YES_ERROR;
				GCC_WARN_UNDECLARED_SELECTOR = YES;
				GCC_WARN_UNINITIALIZED_AUTOS = YES_AGGRESSIVE;
				GCC_WARN_UNUSED_FUNCTION = YES;
				GCC_WARN_UNUSED_VARIABLE = YES;
				IPHONEOS_DEPLOYMENT_TARGET = 18.2;
				LOCALIZATION_PREFERS_STRING_CATALOGS = YES;
				MTL_ENABLE_DEBUG_INFO = INCLUDE_SOURCE;
				MTL_FAST_MATH = YES;
				ONLY_ACTIVE_ARCH = YES;
				SDKROOT = iphoneos;
				SWIFT_ACTIVE_COMPILATION_CONDITIONS = "DEBUG $(inherited)";
				SWIFT_OPTIMIZATION_LEVEL = "-Onone";
			};
			name = Debug;
		};
		868D071D2E33982C00224CD9 /* Release */ = {
			isa = XCBuildConfiguration;
			buildSettings = {
				ALWAYS_SEARCH_USER_PATHS = NO;
				ASSETCATALOG_COMPILER_GENERATE_SWIFT_ASSET_SYMBOL_EXTENSIONS = YES;
				CLANG_ANALYZER_NONNULL = YES;
				CLANG_ANALYZER_NUMBER_OBJECT_CONVERSION = YES_AGGRESSIVE;
				CLANG_CXX_LANGUAGE_STANDARD = "gnu++20";
				CLANG_ENABLE_MODULES = YES;
				CLANG_ENABLE_OBJC_ARC = YES;
				CLANG_ENABLE_OBJC_WEAK = YES;
				CLANG_WARN_BLOCK_CAPTURE_AUTORELEASING = YES;
				CLANG_WARN_BOOL_CONVERSION = YES;
				CLANG_WARN_COMMA = YES;
				CLANG_WARN_CONSTANT_CONVERSION = YES;
				CLANG_WARN_DEPRECATED_OBJC_IMPLEMENTATIONS = YES;
				CLANG_WARN_DIRECT_OBJC_ISA_USAGE = YES_ERROR;
				CLANG_WARN_DOCUMENTATION_COMMENTS = YES;
				CLANG_WARN_EMPTY_BODY = YES;
				CLANG_WARN_ENUM_CONVERSION = YES;
				CLANG_WARN_INFINITE_RECURSION = YES;
				CLANG_WARN_INT_CONVERSION = YES;
				CLANG_WARN_NON_LITERAL_NULL_CONVERSION = YES;
				CLANG_WARN_OBJC_IMPLICIT_RETAIN_SELF = YES;
				CLANG_WARN_OBJC_LITERAL_CONVERSION = YES;
				CLANG_WARN_OBJC_ROOT_CLASS = YES_ERROR;
				CLANG_WARN_QUOTED_INCLUDE_IN_FRAMEWORK_HEADER = YES;
				CLANG_WARN_RANGE_LOOP_ANALYSIS = YES;
				CLANG_WARN_STRICT_PROTOTYPES = YES;
				CLANG_WARN_SUSPICIOUS_MOVE = YES;
				CLANG_WARN_UNGUARDED_AVAILABILITY = YES_AGGRESSIVE;
				CLANG_WARN_UNREACHABLE_CODE = YES;
				CLANG_WARN__DUPLICATE_METHOD_MATCH = YES;
				COPY_PHASE_STRIP = NO;
				DEBUG_INFORMATION_FORMAT = "dwarf-with-dsym";
				ENABLE_NS_ASSERTIONS = NO;
				ENABLE_STRICT_OBJC_MSGSEND = YES;
				ENABLE_USER_SCRIPT_SANDBOXING = YES;
				GCC_C_LANGUAGE_STANDARD = gnu17;
				GCC_NO_COMMON_BLOCKS = YES;
				GCC_WARN_64_TO_32_BIT_CONVERSION = YES;
				GCC_WARN_ABOUT_RETURN_TYPE = YES_ERROR;
				GCC_WARN_UNDECLARED_SELECTOR = YES;
				GCC_WARN_UNINITIALIZED_AUTOS = YES_AGGRESSIVE;
				GCC_WARN_UNUSED_FUNCTION = YES;
				GCC_WARN_UNUSED_VARIABLE = YES;
				IPHONEOS_DEPLOYMENT_TARGET = 18.2;
				LOCALIZATION_PREFERS_STRING_CATALOGS = YES;
				MTL_ENABLE_DEBUG_INFO = NO;
				MTL_FAST_MATH = YES;
				SDKROOT = iphoneos;
				SWIFT_COMPILATION_MODE = wholemodule;
				VALIDATE_PRODUCT = YES;
			};
			name = Release;
		};
/* End XCBuildConfiguration section */

/* Begin XCConfigurationList section */
		868D06FE2E33982A00224CD9 /* Build configuration list for PBXProject "MovieApp" */ = {
			isa = XCConfigurationList;
			buildConfigurations = (
				868D071C2E33982C00224CD9 /* Debug */,
				868D071D2E33982C00224CD9 /* Release */,
			);
			defaultConfigurationIsVisible = 0;
			defaultConfigurationName = Release;
		};
		868D07192E33982C00224CD9 /* Build configuration list for PBXNativeTarget "MovieApp" */ = {
			isa = XCConfigurationList;
			buildConfigurations = (
				868D071A2E33982C00224CD9 /* Debug */,
				868D071B2E33982C00224CD9 /* Release */,
			);
			defaultConfigurationIsVisible = 0;
			defaultConfigurationName = Release;
		};
/* End XCConfigurationList section */

/* Begin XCRemoteSwiftPackageReference section */
		86367ED32E3E80A900012D4E /* XCRemoteSwiftPackageReference "KeychainAccess" */ = {
			isa = XCRemoteSwiftPackageReference;
			repositoryURL = "https://github.com/kishikawakatsumi/KeychainAccess";
			requirement = {
				branch = master;
				kind = branch;
			};
		};
/* End XCRemoteSwiftPackageReference section */

/* Begin XCSwiftPackageProductDependency section */
		86367ED42E3E80A900012D4E /* KeychainAccess */ = {
			isa = XCSwiftPackageProductDependency;
			package = 86367ED32E3E80A900012D4E /* XCRemoteSwiftPackageReference "KeychainAccess" */;
			productName = KeychainAccess;
		};
/* End XCSwiftPackageProductDependency section */

/* Begin XCVersionGroup section */
		86367DD72E3A241400012D4E /* MovieApp.xcdatamodeld */ = {
			isa = XCVersionGroup;
			children = (
				86367DDC2E3A241400012D4E /* MovieApp.xcdatamodel */,
			);
			currentVersion = 86367DDC2E3A241400012D4E /* MovieApp.xcdatamodel */;
			path = MovieApp.xcdatamodeld;
			sourceTree = "<group>";
			versionGroupType = wrapper.xcdatamodel;
		};
/* End XCVersionGroup section */
	};
	rootObject = 868D06FB2E33982A00224CD9 /* Project object */;
}
