// !$*UTF8*$!
{
	archiveVersion = 1;
	classes = {
	};
	objectVersion = 77;
	objects = {

/* Begin PBXBuildFile section */
		861B33B92E797018004227CC /* PaddingLabel.swift in Sources */ = {isa = PBXBuildFile; fileRef = 861B33B82E797018004227CC /* PaddingLabel.swift */; };
		861B346D2E7B1975004227CC /* ActorImagesResponseDTO.swift in Sources */ = {isa = PBXBuildFile; fileRef = 861B346C2E7B1975004227CC /* ActorImagesResponseDTO.swift */; };
		861B346F2E7B19C9004227CC /* ActorImages.swift in Sources */ = {isa = PBXBuildFile; fileRef = 861B346E2E7B19C9004227CC /* ActorImages.swift */; };
		861B348C2E7E8968004227CC /* NetworkService.swift in Sources */ = {isa = PBXBuildFile; fileRef = 861B348B2E7E8968004227CC /* NetworkService.swift */; };
		861B348E2E7E8A74004227CC /* Endpoint.swift in Sources */ = {isa = PBXBuildFile; fileRef = 861B348D2E7E8A74004227CC /* Endpoint.swift */; };
		861B34942E7E93BF004227CC /* GenreRepository.swift in Sources */ = {isa = PBXBuildFile; fileRef = 861B34932E7E93BF004227CC /* GenreRepository.swift */; };
		861B349B2E7E99E9004227CC /* GenresResponseDTO.swift in Sources */ = {isa = PBXBuildFile; fileRef = 861B349A2E7E99E9004227CC /* GenresResponseDTO.swift */; };
		861B349D2E7E9A97004227CC /* TopRatedResponseDTO.swift in Sources */ = {isa = PBXBuildFile; fileRef = 861B349C2E7E9A97004227CC /* TopRatedResponseDTO.swift */; };
		861B349F2E7E9B0F004227CC /* UpcomingResponseDTO.swift in Sources */ = {isa = PBXBuildFile; fileRef = 861B349E2E7E9B0F004227CC /* UpcomingResponseDTO.swift */; };
		861B34A12E7E9B64004227CC /* MovieVideosResponseDTO.swift in Sources */ = {isa = PBXBuildFile; fileRef = 861B34A02E7E9B64004227CC /* MovieVideosResponseDTO.swift */; };
		861B34A32E7E9B89004227CC /* MoviesSimilarResponseDTO.swift in Sources */ = {isa = PBXBuildFile; fileRef = 861B34A22E7E9B89004227CC /* MoviesSimilarResponseDTO.swift */; };
		861B34A52E7EAADB004227CC /* MovieRepository.swift in Sources */ = {isa = PBXBuildFile; fileRef = 861B34A42E7EAADB004227CC /* MovieRepository.swift */; };
		861B34A72E8130F6004227CC /* ActorMovieDTO.swift in Sources */ = {isa = PBXBuildFile; fileRef = 861B34A62E8130F6004227CC /* ActorMovieDTO.swift */; };
		861B34A92E81311C004227CC /* ActorImageDTO.swift in Sources */ = {isa = PBXBuildFile; fileRef = 861B34A82E81311C004227CC /* ActorImageDTO.swift */; };
		861B34AB2E83C918004227CC /* MovieSimilarRepository.swift in Sources */ = {isa = PBXBuildFile; fileRef = 861B34AA2E83C918004227CC /* MovieSimilarRepository.swift */; };
		861B34AD2E83C92C004227CC /* MovieDetailsRepository.swift in Sources */ = {isa = PBXBuildFile; fileRef = 861B34AC2E83C92C004227CC /* MovieDetailsRepository.swift */; };
		861B34AF2E83C940004227CC /* ActorRepository.swift in Sources */ = {isa = PBXBuildFile; fileRef = 861B34AE2E83C940004227CC /* ActorRepository.swift */; };
		861B34B12E83C94A004227CC /* MovieCreditsRepository.swift in Sources */ = {isa = PBXBuildFile; fileRef = 861B34B02E83C94A004227CC /* MovieCreditsRepository.swift */; };
		861B34B32E83DB17004227CC /* MoviesDetailsResponseDTO.swift in Sources */ = {isa = PBXBuildFile; fileRef = 861B34B22E83DB17004227CC /* MoviesDetailsResponseDTO.swift */; };
		86367DDD2E3A241400012D4E /* AppDelegate.swift in Sources */ = {isa = PBXBuildFile; fileRef = 86367DD22E3A241400012D4E /* AppDelegate.swift */; };
		86367DDE2E3A241400012D4E /* MovieApp.xcdatamodeld in Sources */ = {isa = PBXBuildFile; fileRef = 86367DD72E3A241400012D4E /* MovieApp.xcdatamodeld */; };
		86367DDF2E3A241400012D4E /* SceneDelegate.swift in Sources */ = {isa = PBXBuildFile; fileRef = 86367DD82E3A241400012D4E /* SceneDelegate.swift */; };
		86367DE12E3A241400012D4E /* Assets.xcassets in Resources */ = {isa = PBXBuildFile; fileRef = 86367DD32E3A241400012D4E /* Assets.xcassets */; };
		86367DE32E3A241400012D4E /* LaunchScreen.storyboard in Resources */ = {isa = PBXBuildFile; fileRef = 86367DD52E3A241400012D4E /* LaunchScreen.storyboard */; };
		86367DF52E3A29A100012D4E /* Builder.swift in Sources */ = {isa = PBXBuildFile; fileRef = 86367DF42E3A29A100012D4E /* Builder.swift */; };
		86367E3D2E3BC04900012D4E /* UIViewExtension.swift in Sources */ = {isa = PBXBuildFile; fileRef = 86367E3C2E3BC04900012D4E /* UIViewExtension.swift */; };
		86367ED52E3E80A900012D4E /* KeychainAccess in Frameworks */ = {isa = PBXBuildFile; productRef = 86367ED42E3E80A900012D4E /* KeychainAccess */; };
		86367EE62E40C43200012D4E /* StringProtocolExtension.swift in Sources */ = {isa = PBXBuildFile; fileRef = 86367EE52E40C43200012D4E /* StringProtocolExtension.swift */; };
		863680272E4B542500012D4E /* TextLabel.swift in Sources */ = {isa = PBXBuildFile; fileRef = 863680262E4B542500012D4E /* TextLabel.swift */; };
		867173ED2E5DC19500681D72 /* Genres.swift in Sources */ = {isa = PBXBuildFile; fileRef = 867173A72E5DC19500681D72 /* Genres.swift */; };
		867173EE2E5DC19500681D72 /* MovieDetails.swift in Sources */ = {isa = PBXBuildFile; fileRef = 867173A82E5DC19500681D72 /* MovieDetails.swift */; };
		867173EF2E5DC19500681D72 /* GenreDTO.swift in Sources */ = {isa = PBXBuildFile; fileRef = 867173AA2E5DC19500681D72 /* GenreDTO.swift */; };
		867173F02E5DC19500681D72 /* MovieDetailsDTO.swift in Sources */ = {isa = PBXBuildFile; fileRef = 867173AB2E5DC19500681D72 /* MovieDetailsDTO.swift */; };
		867174EC2E5EFB0300681D72 /* MovieDetailsRepositoryProtocol.swift in Sources */ = {isa = PBXBuildFile; fileRef = 867174EB2E5EFB0300681D72 /* MovieDetailsRepositoryProtocol.swift */; };
		8671755B2E5F15BD00681D72 /* MovieVideo.swift in Sources */ = {isa = PBXBuildFile; fileRef = 8671755A2E5F15BD00681D72 /* MovieVideo.swift */; };
		8671755D2E5F15CB00681D72 /* MovieVideoDTO.swift in Sources */ = {isa = PBXBuildFile; fileRef = 8671755C2E5F15CB00681D72 /* MovieVideoDTO.swift */; };
		8671755F2E5F164F00681D72 /* GenreRepositoryProtocol.swift in Sources */ = {isa = PBXBuildFile; fileRef = 8671755E2E5F164F00681D72 /* GenreRepositoryProtocol.swift */; };
		867175612E5F165D00681D72 /* MovieVideoRepositoryProtocol.swift in Sources */ = {isa = PBXBuildFile; fileRef = 867175602E5F165D00681D72 /* MovieVideoRepositoryProtocol.swift */; };
		8671757C2E60A4CA00681D72 /* MockGenreRepository.swift in Sources */ = {isa = PBXBuildFile; fileRef = 867175792E60A4CA00681D72 /* MockGenreRepository.swift */; };
		8671757D2E60A4CA00681D72 /* MockMovieDetailsRepository.swift in Sources */ = {isa = PBXBuildFile; fileRef = 8671757A2E60A4CA00681D72 /* MockMovieDetailsRepository.swift */; };
		8671757E2E60A4CA00681D72 /* MockMovieVideoRepository.swift in Sources */ = {isa = PBXBuildFile; fileRef = 8671757B2E60A4CA00681D72 /* MockMovieVideoRepository.swift */; };
		8671761B2E65D1E600681D72 /* MovieSimilarDTO.swift in Sources */ = {isa = PBXBuildFile; fileRef = 8671761A2E65D1E600681D72 /* MovieSimilarDTO.swift */; };
		8671761D2E65D20100681D72 /* MovieSimilar.swift in Sources */ = {isa = PBXBuildFile; fileRef = 8671761C2E65D20100681D72 /* MovieSimilar.swift */; };
		867176252E6603A200681D72 /* MovieSimilarRepositoryProtocol.swift in Sources */ = {isa = PBXBuildFile; fileRef = 867176242E6603A100681D72 /* MovieSimilarRepositoryProtocol.swift */; };
		867176272E6603CF00681D72 /* MockMovieSimilarRepository.swift in Sources */ = {isa = PBXBuildFile; fileRef = 867176262E6603CF00681D72 /* MockMovieSimilarRepository.swift */; };
		867176A52E6A1ADD00681D72 /* TopRatedMovieDTO.swift in Sources */ = {isa = PBXBuildFile; fileRef = 867176A42E6A1ADC00681D72 /* TopRatedMovieDTO.swift */; };
		867176A72E6A1D6000681D72 /* UpcomingMovieDTO.swift in Sources */ = {isa = PBXBuildFile; fileRef = 867176A62E6A1D6000681D72 /* UpcomingMovieDTO.swift */; };
		867176BC2E6AEA8300681D72 /* Movie.swift in Sources */ = {isa = PBXBuildFile; fileRef = 867176BB2E6AEA8300681D72 /* Movie.swift */; };
		867176BE2E6AEF4200681D72 /* MovieRepositoryProtocol.swift in Sources */ = {isa = PBXBuildFile; fileRef = 867176BD2E6AEF4200681D72 /* MovieRepositoryProtocol.swift */; };
		867176C02E6AEF5E00681D72 /* MockMovieRepository.swift in Sources */ = {isa = PBXBuildFile; fileRef = 867176BF2E6AEF5E00681D72 /* MockMovieRepository.swift */; };
		867177482E6C701B00681D72 /* PersistenceController.swift in Sources */ = {isa = PBXBuildFile; fileRef = 867177472E6C701B00681D72 /* PersistenceController.swift */; };
		8671774E2E6C741B00681D72 /* FavoritesStorage.swift in Sources */ = {isa = PBXBuildFile; fileRef = 8671774D2E6C741B00681D72 /* FavoritesStorage.swift */; };
		8671785B2E7194D200681D72 /* YouTubeiOSPlayerHelper in Frameworks */ = {isa = PBXBuildFile; productRef = 8671785A2E7194D200681D72 /* YouTubeiOSPlayerHelper */; };
		8671785D2E71A30900681D72 /* MovieVideoRepository.swift in Sources */ = {isa = PBXBuildFile; fileRef = 8671785C2E71A30900681D72 /* MovieVideoRepository.swift */; };
		867178E82E72C28200681D72 /* UIVCNavBarExtension.swift in Sources */ = {isa = PBXBuildFile; fileRef = 867178E72E72C28200681D72 /* UIVCNavBarExtension.swift */; };
		867178EC2E7583D100681D72 /* ActorDetailsDTO.swift in Sources */ = {isa = PBXBuildFile; fileRef = 867178EB2E7583D100681D72 /* ActorDetailsDTO.swift */; };
		867178EE2E7583E700681D72 /* ActorMoviesResponseDTO.swift in Sources */ = {isa = PBXBuildFile; fileRef = 867178ED2E7583E700681D72 /* ActorMoviesResponseDTO.swift */; };
		867178F02E75841400681D72 /* ActorDetails.swift in Sources */ = {isa = PBXBuildFile; fileRef = 867178EF2E75841400681D72 /* ActorDetails.swift */; };
		867178F32E75845B00681D72 /* ActorMovie.swift in Sources */ = {isa = PBXBuildFile; fileRef = 867178F22E75845B00681D72 /* ActorMovie.swift */; };
		867178F52E7585DF00681D72 /* ActorRepositoryProtocol.swift in Sources */ = {isa = PBXBuildFile; fileRef = 867178F42E7585DF00681D72 /* ActorRepositoryProtocol.swift */; };
		867178F72E75860F00681D72 /* MockActorRepository.swift in Sources */ = {isa = PBXBuildFile; fileRef = 867178F62E75860F00681D72 /* MockActorRepository.swift */; };
		867179022E75A5A700681D72 /* MovieCreditsResponseDTO.swift in Sources */ = {isa = PBXBuildFile; fileRef = 867179012E75A5A700681D72 /* MovieCreditsResponseDTO.swift */; };
		867179062E75AAB800681D72 /* CastDTO.swift in Sources */ = {isa = PBXBuildFile; fileRef = 867179052E75AAB800681D72 /* CastDTO.swift */; };
		867179082E75AAE000681D72 /* CrewDTO.swift in Sources */ = {isa = PBXBuildFile; fileRef = 867179072E75AAE000681D72 /* CrewDTO.swift */; };
		8671790A2E75ABC100681D72 /* CastMember.swift in Sources */ = {isa = PBXBuildFile; fileRef = 867179092E75ABC100681D72 /* CastMember.swift */; };
		8671790C2E75ABD500681D72 /* CrewMember.swift in Sources */ = {isa = PBXBuildFile; fileRef = 8671790B2E75ABD500681D72 /* CrewMember.swift */; };
		867179182E75AD4F00681D72 /* MovieCreditsRepositoryProtocol.swift in Sources */ = {isa = PBXBuildFile; fileRef = 867179172E75AD4F00681D72 /* MovieCreditsRepositoryProtocol.swift */; };
		8671791A2E75AD7B00681D72 /* MockMovieCreditsRepository.swift in Sources */ = {isa = PBXBuildFile; fileRef = 867179192E75AD7B00681D72 /* MockMovieCreditsRepository.swift */; };
		867179252E75B60A00681D72 /* MovieCredits.swift in Sources */ = {isa = PBXBuildFile; fileRef = 867179242E75B60A00681D72 /* MovieCredits.swift */; };
		868A3F032EC2137E00C94BC9 /* FavoriteMovie+CoreDataClass.swift in Sources */ = {isa = PBXBuildFile; fileRef = 868A3F012EC2137E00C94BC9 /* FavoriteMovie+CoreDataClass.swift */; };
		868A3F042EC2137E00C94BC9 /* FavoriteMovie+CoreDataProperties.swift in Sources */ = {isa = PBXBuildFile; fileRef = 868A3F022EC2137E00C94BC9 /* FavoriteMovie+CoreDataProperties.swift */; };
		868A3F0E2ECB354F00C94BC9 /* StringURLEncoded.swift in Sources */ = {isa = PBXBuildFile; fileRef = 868A3F0D2ECB354F00C94BC9 /* StringURLEncoded.swift */; };
		868A3F192ECDE6BA00C94BC9 /* main_screen.png in Resources */ = {isa = PBXBuildFile; fileRef = 868A3F182ECDE6BA00C94BC9 /* main_screen.png */; };
		868A3F1D2ECDE7B600C94BC9 /* main_screen_search.png in Resources */ = {isa = PBXBuildFile; fileRef = 868A3F1C2ECDE7B600C94BC9 /* main_screen_search.png */; };
		868A3F212ECDEC3E00C94BC9 /* movie_page1.png in Resources */ = {isa = PBXBuildFile; fileRef = 868A3F202ECDEC3E00C94BC9 /* movie_page1.png */; };
		868A3F232ECDEC4F00C94BC9 /* movie_page2.png in Resources */ = {isa = PBXBuildFile; fileRef = 868A3F222ECDEC4F00C94BC9 /* movie_page2.png */; };
		868A3F252ECDEC7100C94BC9 /* movie_page3.png in Resources */ = {isa = PBXBuildFile; fileRef = 868A3F242ECDEC7100C94BC9 /* movie_page3.png */; };
		868A3F272ECDED6300C94BC9 /* series_page1.png in Resources */ = {isa = PBXBuildFile; fileRef = 868A3F262ECDED6300C94BC9 /* series_page1.png */; };
		868A3F292ECDED8000C94BC9 /* series_page2.png in Resources */ = {isa = PBXBuildFile; fileRef = 868A3F282ECDED8000C94BC9 /* series_page2.png */; };
		868A3F2B2ECDEDA500C94BC9 /* series_page3.png in Resources */ = {isa = PBXBuildFile; fileRef = 868A3F2A2ECDEDA500C94BC9 /* series_page3.png */; };
		868A3F2D2ECDEDF600C94BC9 /* actor_filmography.png in Resources */ = {isa = PBXBuildFile; fileRef = 868A3F2C2ECDEDF600C94BC9 /* actor_filmography.png */; };
		868A3F2F2ECDEE1100C94BC9 /* actor_biography.png in Resources */ = {isa = PBXBuildFile; fileRef = 868A3F2E2ECDEE1100C94BC9 /* actor_biography.png */; };
		868A3F332ECDEFAA00C94BC9 /* trailer_player.png in Resources */ = {isa = PBXBuildFile; fileRef = 868A3F322ECDEFAA00C94BC9 /* trailer_player.png */; };
		868A3F352ECDF01200C94BC9 /* favorite_page.png in Resources */ = {isa = PBXBuildFile; fileRef = 868A3F342ECDF01200C94BC9 /* favorite_page.png */; };
		868A3F372ECDF13300C94BC9 /* dynamic_list_page.png in Resources */ = {isa = PBXBuildFile; fileRef = 868A3F362ECDF13300C94BC9 /* dynamic_list_page.png */; };
		868A3F392ECDFE2200C94BC9 /* setting_page.png in Resources */ = {isa = PBXBuildFile; fileRef = 868A3F382ECDFE2200C94BC9 /* setting_page.png */; };
		868A3F3B2ECDFE6D00C94BC9 /* passcode_page.png in Resources */ = {isa = PBXBuildFile; fileRef = 868A3F3A2ECDFE6D00C94BC9 /* passcode_page.png */; };
		868ECBF72EB13865005189A9 /* TVSeries.swift in Sources */ = {isa = PBXBuildFile; fileRef = 868ECBF62EB13865005189A9 /* TVSeries.swift */; };
		868ECBFA2EB13967005189A9 /* TVSeriesTopRateDTO.swift in Sources */ = {isa = PBXBuildFile; fileRef = 868ECBF92EB13967005189A9 /* TVSeriesTopRateDTO.swift */; };
		868ECBFC2EB13DEE005189A9 /* TVSeriesRepositoryProtocol.swift in Sources */ = {isa = PBXBuildFile; fileRef = 868ECBFB2EB13DEE005189A9 /* TVSeriesRepositoryProtocol.swift */; };
		868ECBFF2EB1412C005189A9 /* MockTVSeriesRepository.swift in Sources */ = {isa = PBXBuildFile; fileRef = 868ECBFE2EB1412C005189A9 /* MockTVSeriesRepository.swift */; };
		868ECC022EB14ED0005189A9 /* TVSeriesTopRateResponseDTO.swift in Sources */ = {isa = PBXBuildFile; fileRef = 868ECC012EB14ED0005189A9 /* TVSeriesTopRateResponseDTO.swift */; };
		868ECC052EB14F2D005189A9 /* TVSeriesRepository.swift in Sources */ = {isa = PBXBuildFile; fileRef = 868ECC042EB14F2D005189A9 /* TVSeriesRepository.swift */; };
		868ECC0B2EB152A2005189A9 /* TVSeriesGenreDTO.swift in Sources */ = {isa = PBXBuildFile; fileRef = 868ECC0A2EB152A2005189A9 /* TVSeriesGenreDTO.swift */; };
		868ECC0D2EB152B7005189A9 /* TVSeriesGenresResponseDTO.swift in Sources */ = {isa = PBXBuildFile; fileRef = 868ECC0C2EB152B7005189A9 /* TVSeriesGenresResponseDTO.swift */; };
		868ECC0F2EB152DE005189A9 /* TVGenres.swift in Sources */ = {isa = PBXBuildFile; fileRef = 868ECC0E2EB152DE005189A9 /* TVGenres.swift */; };
		868ECC112EB15302005189A9 /* TVGenresRepositoryProtocol.swift in Sources */ = {isa = PBXBuildFile; fileRef = 868ECC102EB15302005189A9 /* TVGenresRepositoryProtocol.swift */; };
		868ECC132EB15324005189A9 /* TVGenresRepository.swift in Sources */ = {isa = PBXBuildFile; fileRef = 868ECC122EB15324005189A9 /* TVGenresRepository.swift */; };
		868ECC152EB1598A005189A9 /* MockTVGenresRepository.swift in Sources */ = {isa = PBXBuildFile; fileRef = 868ECC142EB1598A005189A9 /* MockTVGenresRepository.swift */; };
		868ECC192EB4EBB3005189A9 /* TVSeriesPopularDTO.swift in Sources */ = {isa = PBXBuildFile; fileRef = 868ECC182EB4EBB3005189A9 /* TVSeriesPopularDTO.swift */; };
		868ECC1B2EB4EBF3005189A9 /* TVSeriesPopularResponseDTO.swift in Sources */ = {isa = PBXBuildFile; fileRef = 868ECC1A2EB4EBF3005189A9 /* TVSeriesPopularResponseDTO.swift */; };
		868ECC1D2EB6081C005189A9 /* TVSeriesDetailsDTO.swift in Sources */ = {isa = PBXBuildFile; fileRef = 868ECC1C2EB6081C005189A9 /* TVSeriesDetailsDTO.swift */; };
		868ECC1F2EB6084F005189A9 /* TVSeriesDetailsResponseDTO.swift in Sources */ = {isa = PBXBuildFile; fileRef = 868ECC1E2EB6084F005189A9 /* TVSeriesDetailsResponseDTO.swift */; };
		868ECC212EB609DC005189A9 /* TVDetails.swift in Sources */ = {isa = PBXBuildFile; fileRef = 868ECC202EB609DC005189A9 /* TVDetails.swift */; };
		868ECC252EB60B58005189A9 /* TVDetailsRepositoryProtocol.swift in Sources */ = {isa = PBXBuildFile; fileRef = 868ECC242EB60B58005189A9 /* TVDetailsRepositoryProtocol.swift */; };
		868ECC272EB60BC4005189A9 /* MockTVDetailsRepository.swift in Sources */ = {isa = PBXBuildFile; fileRef = 868ECC262EB60BC4005189A9 /* MockTVDetailsRepository.swift */; };
		868ECC292EB60CFC005189A9 /* TVDetailsRepository.swift in Sources */ = {isa = PBXBuildFile; fileRef = 868ECC282EB60CFC005189A9 /* TVDetailsRepository.swift */; };
		868ECC492EB67674005189A9 /* TVSeriesVideoDTO.swift in Sources */ = {isa = PBXBuildFile; fileRef = 868ECC482EB67674005189A9 /* TVSeriesVideoDTO.swift */; };
		868ECC4B2EB67699005189A9 /* TVSeriesVideosResponseDTO.swift in Sources */ = {isa = PBXBuildFile; fileRef = 868ECC4A2EB67699005189A9 /* TVSeriesVideosResponseDTO.swift */; };
		868ECC4D2EB676C8005189A9 /* TVVideo.swift in Sources */ = {isa = PBXBuildFile; fileRef = 868ECC4C2EB676C8005189A9 /* TVVideo.swift */; };
		868ECC4F2EB6770B005189A9 /* TVVideoRepository.swift in Sources */ = {isa = PBXBuildFile; fileRef = 868ECC4E2EB6770B005189A9 /* TVVideoRepository.swift */; };
		868ECC512EB6776F005189A9 /* TVVideoRepositoryProtocol.swift in Sources */ = {isa = PBXBuildFile; fileRef = 868ECC502EB6776F005189A9 /* TVVideoRepositoryProtocol.swift */; };
		868ECC532EB67788005189A9 /* MockTVVideoRepository.swift in Sources */ = {isa = PBXBuildFile; fileRef = 868ECC522EB67788005189A9 /* MockTVVideoRepository.swift */; };
		868ECC552EB77917005189A9 /* TVSeasonDTO.swift in Sources */ = {isa = PBXBuildFile; fileRef = 868ECC542EB77917005189A9 /* TVSeasonDTO.swift */; };
		868ECC572EB7792F005189A9 /* TVEpisodeDTO.swift in Sources */ = {isa = PBXBuildFile; fileRef = 868ECC562EB7792F005189A9 /* TVEpisodeDTO.swift */; };
		868ECC592EB77940005189A9 /* TVEpisodeVideoDTO.swift in Sources */ = {isa = PBXBuildFile; fileRef = 868ECC582EB77940005189A9 /* TVEpisodeVideoDTO.swift */; };
		868ECC5B2EB77950005189A9 /* TVSeasonsResponseDTO.swift in Sources */ = {isa = PBXBuildFile; fileRef = 868ECC5A2EB77950005189A9 /* TVSeasonsResponseDTO.swift */; };
		868ECC5D2EB77962005189A9 /* TVSeasonDetailsResponseDTO.swift in Sources */ = {isa = PBXBuildFile; fileRef = 868ECC5C2EB77962005189A9 /* TVSeasonDetailsResponseDTO.swift */; };
		868ECC5F2EB77973005189A9 /* TVEpisodeVideosResponseDTO.swift in Sources */ = {isa = PBXBuildFile; fileRef = 868ECC5E2EB77973005189A9 /* TVEpisodeVideosResponseDTO.swift */; };
		868ECC642EB77A53005189A9 /* TVSeason.swift in Sources */ = {isa = PBXBuildFile; fileRef = 868ECC632EB77A53005189A9 /* TVSeason.swift */; };
		868ECC662EB77A90005189A9 /* TVEpisode.swift in Sources */ = {isa = PBXBuildFile; fileRef = 868ECC652EB77A90005189A9 /* TVEpisode.swift */; };
		868ECC682EB77AAA005189A9 /* TVEpisodeVideo.swift in Sources */ = {isa = PBXBuildFile; fileRef = 868ECC672EB77AAA005189A9 /* TVEpisodeVideo.swift */; };
		868ECC6A2EB77B39005189A9 /* TVSeasonRepositoryProtocol.swift in Sources */ = {isa = PBXBuildFile; fileRef = 868ECC692EB77B39005189A9 /* TVSeasonRepositoryProtocol.swift */; };
		868ECC6C2EB77B5A005189A9 /* TVSeasonRepository.swift in Sources */ = {isa = PBXBuildFile; fileRef = 868ECC6B2EB77B5A005189A9 /* TVSeasonRepository.swift */; };
		868ECC6E2EB77BDB005189A9 /* MockTVSeasonRepository.swift in Sources */ = {isa = PBXBuildFile; fileRef = 868ECC6D2EB77BDB005189A9 /* MockTVSeasonRepository.swift */; };
		868ECC732EB78A53005189A9 /* TVSeriesSimilarDTO.swift in Sources */ = {isa = PBXBuildFile; fileRef = 868ECC722EB78A53005189A9 /* TVSeriesSimilarDTO.swift */; };
		868ECC752EB78A84005189A9 /* TVSeriesSimilarResponseDTO.swift in Sources */ = {isa = PBXBuildFile; fileRef = 868ECC742EB78A84005189A9 /* TVSeriesSimilarResponseDTO.swift */; };
		868ECC772EB78AC4005189A9 /* TVSimilarRepositoryProtocol.swift in Sources */ = {isa = PBXBuildFile; fileRef = 868ECC762EB78AC4005189A9 /* TVSimilarRepositoryProtocol.swift */; };
		868ECC792EB78AF4005189A9 /* TVSimilarRepository.swift in Sources */ = {isa = PBXBuildFile; fileRef = 868ECC782EB78AF4005189A9 /* TVSimilarRepository.swift */; };
		868ECC7B2EB78B08005189A9 /* MockTVSimilarRepository.swift in Sources */ = {isa = PBXBuildFile; fileRef = 868ECC7A2EB78B08005189A9 /* MockTVSimilarRepository.swift */; };
		868ECC7D2EB78B23005189A9 /* TVSimilar.swift in Sources */ = {isa = PBXBuildFile; fileRef = 868ECC7C2EB78B23005189A9 /* TVSimilar.swift */; };
		868ECC972EB929FD005189A9 /* TVCredits.swift in Sources */ = {isa = PBXBuildFile; fileRef = 868ECC962EB929FD005189A9 /* TVCredits.swift */; };
		868ECC992EB92A23005189A9 /* TVCreditsResponseDTO.swift in Sources */ = {isa = PBXBuildFile; fileRef = 868ECC982EB92A23005189A9 /* TVCreditsResponseDTO.swift */; };
		868ECC9B2EB92AE6005189A9 /* TVCreditsRepositoryProtocol.swift in Sources */ = {isa = PBXBuildFile; fileRef = 868ECC9A2EB92AE6005189A9 /* TVCreditsRepositoryProtocol.swift */; };
		868ECCA12EB93092005189A9 /* TVCreditsRepository.swift in Sources */ = {isa = PBXBuildFile; fileRef = 868ECCA02EB93092005189A9 /* TVCreditsRepository.swift */; };
		868ECCA32EB93140005189A9 /* MockTVCreditsRepository.swift in Sources */ = {isa = PBXBuildFile; fileRef = 868ECCA22EB93140005189A9 /* MockTVCreditsRepository.swift */; };
		869608282E96DF590040E51A /* Secrets.xcconfig in Resources */ = {isa = PBXBuildFile; fileRef = 869608272E96DF590040E51A /* Secrets.xcconfig */; };
		869608422EA68C100040E51A /* Kingfisher in Frameworks */ = {isa = PBXBuildFile; productRef = 869608412EA68C100040E51A /* Kingfisher */; };
		869608442EA6944D0040E51A /* KingfisherImageLoader.swift in Sources */ = {isa = PBXBuildFile; fileRef = 869608432EA6944D0040E51A /* KingfisherImageLoader.swift */; };
		869608482EA7DD560040E51A /* ArrayAsyncMap.swift in Sources */ = {isa = PBXBuildFile; fileRef = 869608472EA7DD560040E51A /* ArrayAsyncMap.swift */; };
/* End PBXBuildFile section */

/* Begin PBXFileReference section */
		861B33B82E797018004227CC /* PaddingLabel.swift */ = {isa = PBXFileReference; lastKnownFileType = sourcecode.swift; path = PaddingLabel.swift; sourceTree = "<group>"; };
		861B346C2E7B1975004227CC /* ActorImagesResponseDTO.swift */ = {isa = PBXFileReference; lastKnownFileType = sourcecode.swift; path = ActorImagesResponseDTO.swift; sourceTree = "<group>"; };
		861B346E2E7B19C9004227CC /* ActorImages.swift */ = {isa = PBXFileReference; lastKnownFileType = sourcecode.swift; path = ActorImages.swift; sourceTree = "<group>"; };
		861B348B2E7E8968004227CC /* NetworkService.swift */ = {isa = PBXFileReference; lastKnownFileType = sourcecode.swift; path = NetworkService.swift; sourceTree = "<group>"; };
		861B348D2E7E8A74004227CC /* Endpoint.swift */ = {isa = PBXFileReference; lastKnownFileType = sourcecode.swift; path = Endpoint.swift; sourceTree = "<group>"; };
		861B34932E7E93BF004227CC /* GenreRepository.swift */ = {isa = PBXFileReference; lastKnownFileType = sourcecode.swift; path = GenreRepository.swift; sourceTree = "<group>"; };
		861B349A2E7E99E9004227CC /* GenresResponseDTO.swift */ = {isa = PBXFileReference; lastKnownFileType = sourcecode.swift; path = GenresResponseDTO.swift; sourceTree = "<group>"; };
		861B349C2E7E9A97004227CC /* TopRatedResponseDTO.swift */ = {isa = PBXFileReference; lastKnownFileType = sourcecode.swift; path = TopRatedResponseDTO.swift; sourceTree = "<group>"; };
		861B349E2E7E9B0F004227CC /* UpcomingResponseDTO.swift */ = {isa = PBXFileReference; lastKnownFileType = sourcecode.swift; path = UpcomingResponseDTO.swift; sourceTree = "<group>"; };
		861B34A02E7E9B64004227CC /* MovieVideosResponseDTO.swift */ = {isa = PBXFileReference; lastKnownFileType = sourcecode.swift; path = MovieVideosResponseDTO.swift; sourceTree = "<group>"; };
		861B34A22E7E9B89004227CC /* MoviesSimilarResponseDTO.swift */ = {isa = PBXFileReference; lastKnownFileType = sourcecode.swift; path = MoviesSimilarResponseDTO.swift; sourceTree = "<group>"; };
		861B34A42E7EAADB004227CC /* MovieRepository.swift */ = {isa = PBXFileReference; lastKnownFileType = sourcecode.swift; path = MovieRepository.swift; sourceTree = "<group>"; };
		861B34A62E8130F6004227CC /* ActorMovieDTO.swift */ = {isa = PBXFileReference; lastKnownFileType = sourcecode.swift; path = ActorMovieDTO.swift; sourceTree = "<group>"; };
		861B34A82E81311C004227CC /* ActorImageDTO.swift */ = {isa = PBXFileReference; lastKnownFileType = sourcecode.swift; path = ActorImageDTO.swift; sourceTree = "<group>"; };
		861B34AA2E83C918004227CC /* MovieSimilarRepository.swift */ = {isa = PBXFileReference; lastKnownFileType = sourcecode.swift; path = MovieSimilarRepository.swift; sourceTree = "<group>"; };
		861B34AC2E83C92C004227CC /* MovieDetailsRepository.swift */ = {isa = PBXFileReference; lastKnownFileType = sourcecode.swift; path = MovieDetailsRepository.swift; sourceTree = "<group>"; };
		861B34AE2E83C940004227CC /* ActorRepository.swift */ = {isa = PBXFileReference; lastKnownFileType = sourcecode.swift; path = ActorRepository.swift; sourceTree = "<group>"; };
		861B34B02E83C94A004227CC /* MovieCreditsRepository.swift */ = {isa = PBXFileReference; lastKnownFileType = sourcecode.swift; path = MovieCreditsRepository.swift; sourceTree = "<group>"; };
		861B34B22E83DB17004227CC /* MoviesDetailsResponseDTO.swift */ = {isa = PBXFileReference; lastKnownFileType = sourcecode.swift; path = MoviesDetailsResponseDTO.swift; sourceTree = "<group>"; };
		86367DD22E3A241400012D4E /* AppDelegate.swift */ = {isa = PBXFileReference; lastKnownFileType = sourcecode.swift; path = AppDelegate.swift; sourceTree = "<group>"; };
		86367DD32E3A241400012D4E /* Assets.xcassets */ = {isa = PBXFileReference; lastKnownFileType = folder.assetcatalog; path = Assets.xcassets; sourceTree = "<group>"; };
		86367DD42E3A241400012D4E /* Info.plist */ = {isa = PBXFileReference; lastKnownFileType = text.plist.xml; path = Info.plist; sourceTree = "<group>"; };
		86367DD82E3A241400012D4E /* SceneDelegate.swift */ = {isa = PBXFileReference; lastKnownFileType = sourcecode.swift; path = SceneDelegate.swift; sourceTree = "<group>"; };
		86367DDB2E3A241400012D4E /* Base */ = {isa = PBXFileReference; lastKnownFileType = file.storyboard; name = Base; path = Base.lproj/LaunchScreen.storyboard; sourceTree = "<group>"; };
		86367DDC2E3A241400012D4E /* MovieApp.xcdatamodel */ = {isa = PBXFileReference; lastKnownFileType = wrapper.xcdatamodel; path = MovieApp.xcdatamodel; sourceTree = "<group>"; };
		86367DF42E3A29A100012D4E /* Builder.swift */ = {isa = PBXFileReference; lastKnownFileType = sourcecode.swift; path = Builder.swift; sourceTree = "<group>"; };
		86367E3C2E3BC04900012D4E /* UIViewExtension.swift */ = {isa = PBXFileReference; lastKnownFileType = sourcecode.swift; path = UIViewExtension.swift; sourceTree = "<group>"; };
		86367EE52E40C43200012D4E /* StringProtocolExtension.swift */ = {isa = PBXFileReference; lastKnownFileType = sourcecode.swift; path = StringProtocolExtension.swift; sourceTree = "<group>"; };
		863680262E4B542500012D4E /* TextLabel.swift */ = {isa = PBXFileReference; lastKnownFileType = sourcecode.swift; path = TextLabel.swift; sourceTree = "<group>"; };
		867173A72E5DC19500681D72 /* Genres.swift */ = {isa = PBXFileReference; lastKnownFileType = sourcecode.swift; path = Genres.swift; sourceTree = "<group>"; };
		867173A82E5DC19500681D72 /* MovieDetails.swift */ = {isa = PBXFileReference; lastKnownFileType = sourcecode.swift; path = MovieDetails.swift; sourceTree = "<group>"; };
		867173AA2E5DC19500681D72 /* GenreDTO.swift */ = {isa = PBXFileReference; lastKnownFileType = sourcecode.swift; path = GenreDTO.swift; sourceTree = "<group>"; };
		867173AB2E5DC19500681D72 /* MovieDetailsDTO.swift */ = {isa = PBXFileReference; lastKnownFileType = sourcecode.swift; path = MovieDetailsDTO.swift; sourceTree = "<group>"; };
		867174EB2E5EFB0300681D72 /* MovieDetailsRepositoryProtocol.swift */ = {isa = PBXFileReference; lastKnownFileType = sourcecode.swift; path = MovieDetailsRepositoryProtocol.swift; sourceTree = "<group>"; };
		8671755A2E5F15BD00681D72 /* MovieVideo.swift */ = {isa = PBXFileReference; lastKnownFileType = sourcecode.swift; path = MovieVideo.swift; sourceTree = "<group>"; };
		8671755C2E5F15CB00681D72 /* MovieVideoDTO.swift */ = {isa = PBXFileReference; lastKnownFileType = sourcecode.swift; path = MovieVideoDTO.swift; sourceTree = "<group>"; };
		8671755E2E5F164F00681D72 /* GenreRepositoryProtocol.swift */ = {isa = PBXFileReference; lastKnownFileType = sourcecode.swift; path = GenreRepositoryProtocol.swift; sourceTree = "<group>"; };
		867175602E5F165D00681D72 /* MovieVideoRepositoryProtocol.swift */ = {isa = PBXFileReference; lastKnownFileType = sourcecode.swift; path = MovieVideoRepositoryProtocol.swift; sourceTree = "<group>"; };
		867175792E60A4CA00681D72 /* MockGenreRepository.swift */ = {isa = PBXFileReference; lastKnownFileType = sourcecode.swift; path = MockGenreRepository.swift; sourceTree = "<group>"; };
		8671757A2E60A4CA00681D72 /* MockMovieDetailsRepository.swift */ = {isa = PBXFileReference; lastKnownFileType = sourcecode.swift; path = MockMovieDetailsRepository.swift; sourceTree = "<group>"; };
		8671757B2E60A4CA00681D72 /* MockMovieVideoRepository.swift */ = {isa = PBXFileReference; lastKnownFileType = sourcecode.swift; path = MockMovieVideoRepository.swift; sourceTree = "<group>"; };
		8671761A2E65D1E600681D72 /* MovieSimilarDTO.swift */ = {isa = PBXFileReference; lastKnownFileType = sourcecode.swift; path = MovieSimilarDTO.swift; sourceTree = "<group>"; };
		8671761C2E65D20100681D72 /* MovieSimilar.swift */ = {isa = PBXFileReference; lastKnownFileType = sourcecode.swift; path = MovieSimilar.swift; sourceTree = "<group>"; };
		867176242E6603A100681D72 /* MovieSimilarRepositoryProtocol.swift */ = {isa = PBXFileReference; lastKnownFileType = sourcecode.swift; path = MovieSimilarRepositoryProtocol.swift; sourceTree = "<group>"; };
		867176262E6603CF00681D72 /* MockMovieSimilarRepository.swift */ = {isa = PBXFileReference; lastKnownFileType = sourcecode.swift; path = MockMovieSimilarRepository.swift; sourceTree = "<group>"; };
		867176A42E6A1ADC00681D72 /* TopRatedMovieDTO.swift */ = {isa = PBXFileReference; lastKnownFileType = sourcecode.swift; path = TopRatedMovieDTO.swift; sourceTree = "<group>"; };
		867176A62E6A1D6000681D72 /* UpcomingMovieDTO.swift */ = {isa = PBXFileReference; lastKnownFileType = sourcecode.swift; path = UpcomingMovieDTO.swift; sourceTree = "<group>"; };
		867176BB2E6AEA8300681D72 /* Movie.swift */ = {isa = PBXFileReference; lastKnownFileType = sourcecode.swift; path = Movie.swift; sourceTree = "<group>"; };
		867176BD2E6AEF4200681D72 /* MovieRepositoryProtocol.swift */ = {isa = PBXFileReference; lastKnownFileType = sourcecode.swift; path = MovieRepositoryProtocol.swift; sourceTree = "<group>"; };
		867176BF2E6AEF5E00681D72 /* MockMovieRepository.swift */ = {isa = PBXFileReference; lastKnownFileType = sourcecode.swift; path = MockMovieRepository.swift; sourceTree = "<group>"; };
		867177472E6C701B00681D72 /* PersistenceController.swift */ = {isa = PBXFileReference; lastKnownFileType = sourcecode.swift; path = PersistenceController.swift; sourceTree = "<group>"; };
		8671774D2E6C741B00681D72 /* FavoritesStorage.swift */ = {isa = PBXFileReference; lastKnownFileType = sourcecode.swift; path = FavoritesStorage.swift; sourceTree = "<group>"; };
		8671785C2E71A30900681D72 /* MovieVideoRepository.swift */ = {isa = PBXFileReference; lastKnownFileType = sourcecode.swift; path = MovieVideoRepository.swift; sourceTree = "<group>"; };
		867178E72E72C28200681D72 /* UIVCNavBarExtension.swift */ = {isa = PBXFileReference; lastKnownFileType = sourcecode.swift; path = UIVCNavBarExtension.swift; sourceTree = "<group>"; };
		867178EB2E7583D100681D72 /* ActorDetailsDTO.swift */ = {isa = PBXFileReference; lastKnownFileType = sourcecode.swift; path = ActorDetailsDTO.swift; sourceTree = "<group>"; };
		867178ED2E7583E700681D72 /* ActorMoviesResponseDTO.swift */ = {isa = PBXFileReference; lastKnownFileType = sourcecode.swift; path = ActorMoviesResponseDTO.swift; sourceTree = "<group>"; };
		867178EF2E75841400681D72 /* ActorDetails.swift */ = {isa = PBXFileReference; lastKnownFileType = sourcecode.swift; path = ActorDetails.swift; sourceTree = "<group>"; };
		867178F22E75845B00681D72 /* ActorMovie.swift */ = {isa = PBXFileReference; lastKnownFileType = sourcecode.swift; path = ActorMovie.swift; sourceTree = "<group>"; };
		867178F42E7585DF00681D72 /* ActorRepositoryProtocol.swift */ = {isa = PBXFileReference; lastKnownFileType = sourcecode.swift; path = ActorRepositoryProtocol.swift; sourceTree = "<group>"; };
		867178F62E75860F00681D72 /* MockActorRepository.swift */ = {isa = PBXFileReference; lastKnownFileType = sourcecode.swift; path = MockActorRepository.swift; sourceTree = "<group>"; };
		867179012E75A5A700681D72 /* MovieCreditsResponseDTO.swift */ = {isa = PBXFileReference; lastKnownFileType = sourcecode.swift; path = MovieCreditsResponseDTO.swift; sourceTree = "<group>"; };
		867179052E75AAB800681D72 /* CastDTO.swift */ = {isa = PBXFileReference; lastKnownFileType = sourcecode.swift; path = CastDTO.swift; sourceTree = "<group>"; };
		867179072E75AAE000681D72 /* CrewDTO.swift */ = {isa = PBXFileReference; lastKnownFileType = sourcecode.swift; path = CrewDTO.swift; sourceTree = "<group>"; };
		867179092E75ABC100681D72 /* CastMember.swift */ = {isa = PBXFileReference; lastKnownFileType = sourcecode.swift; path = CastMember.swift; sourceTree = "<group>"; };
		8671790B2E75ABD500681D72 /* CrewMember.swift */ = {isa = PBXFileReference; lastKnownFileType = sourcecode.swift; path = CrewMember.swift; sourceTree = "<group>"; };
		867179172E75AD4F00681D72 /* MovieCreditsRepositoryProtocol.swift */ = {isa = PBXFileReference; lastKnownFileType = sourcecode.swift; path = MovieCreditsRepositoryProtocol.swift; sourceTree = "<group>"; };
		867179192E75AD7B00681D72 /* MockMovieCreditsRepository.swift */ = {isa = PBXFileReference; lastKnownFileType = sourcecode.swift; path = MockMovieCreditsRepository.swift; sourceTree = "<group>"; };
		867179242E75B60A00681D72 /* MovieCredits.swift */ = {isa = PBXFileReference; lastKnownFileType = sourcecode.swift; path = MovieCredits.swift; sourceTree = "<group>"; };
		868A3F012EC2137E00C94BC9 /* FavoriteMovie+CoreDataClass.swift */ = {isa = PBXFileReference; lastKnownFileType = sourcecode.swift; path = "FavoriteMovie+CoreDataClass.swift"; sourceTree = "<group>"; };
		868A3F022EC2137E00C94BC9 /* FavoriteMovie+CoreDataProperties.swift */ = {isa = PBXFileReference; lastKnownFileType = sourcecode.swift; path = "FavoriteMovie+CoreDataProperties.swift"; sourceTree = "<group>"; };
		868A3F0D2ECB354F00C94BC9 /* StringURLEncoded.swift */ = {isa = PBXFileReference; lastKnownFileType = sourcecode.swift; path = StringURLEncoded.swift; sourceTree = "<group>"; };
		868A3F182ECDE6BA00C94BC9 /* main_screen.png */ = {isa = PBXFileReference; lastKnownFileType = image.png; path = main_screen.png; sourceTree = "<group>"; };
		868A3F1C2ECDE7B600C94BC9 /* main_screen_search.png */ = {isa = PBXFileReference; lastKnownFileType = image.png; path = main_screen_search.png; sourceTree = "<group>"; };
		868A3F202ECDEC3E00C94BC9 /* movie_page1.png */ = {isa = PBXFileReference; lastKnownFileType = image.png; path = movie_page1.png; sourceTree = "<group>"; };
		868A3F222ECDEC4F00C94BC9 /* movie_page2.png */ = {isa = PBXFileReference; lastKnownFileType = image.png; path = movie_page2.png; sourceTree = "<group>"; };
		868A3F242ECDEC7100C94BC9 /* movie_page3.png */ = {isa = PBXFileReference; lastKnownFileType = image.png; path = movie_page3.png; sourceTree = "<group>"; };
		868A3F262ECDED6300C94BC9 /* series_page1.png */ = {isa = PBXFileReference; lastKnownFileType = image.png; path = series_page1.png; sourceTree = "<group>"; };
		868A3F282ECDED8000C94BC9 /* series_page2.png */ = {isa = PBXFileReference; lastKnownFileType = image.png; path = series_page2.png; sourceTree = "<group>"; };
		868A3F2A2ECDEDA500C94BC9 /* series_page3.png */ = {isa = PBXFileReference; lastKnownFileType = image.png; path = series_page3.png; sourceTree = "<group>"; };
		868A3F2C2ECDEDF600C94BC9 /* actor_filmography.png */ = {isa = PBXFileReference; lastKnownFileType = image.png; path = actor_filmography.png; sourceTree = "<group>"; };
		868A3F2E2ECDEE1100C94BC9 /* actor_biography.png */ = {isa = PBXFileReference; lastKnownFileType = image.png; path = actor_biography.png; sourceTree = "<group>"; };
		868A3F322ECDEFAA00C94BC9 /* trailer_player.png */ = {isa = PBXFileReference; lastKnownFileType = image.png; path = trailer_player.png; sourceTree = "<group>"; };
		868A3F342ECDF01200C94BC9 /* favorite_page.png */ = {isa = PBXFileReference; lastKnownFileType = image.png; path = favorite_page.png; sourceTree = "<group>"; };
		868A3F362ECDF13300C94BC9 /* dynamic_list_page.png */ = {isa = PBXFileReference; lastKnownFileType = image.png; path = dynamic_list_page.png; sourceTree = "<group>"; };
		868A3F382ECDFE2200C94BC9 /* setting_page.png */ = {isa = PBXFileReference; lastKnownFileType = image.png; path = setting_page.png; sourceTree = "<group>"; };
		868A3F3A2ECDFE6D00C94BC9 /* passcode_page.png */ = {isa = PBXFileReference; lastKnownFileType = image.png; path = passcode_page.png; sourceTree = "<group>"; };
		868D07032E33982A00224CD9 /* MovieApp.app */ = {isa = PBXFileReference; explicitFileType = wrapper.application; includeInIndex = 0; path = MovieApp.app; sourceTree = BUILT_PRODUCTS_DIR; };
		868ECBF62EB13865005189A9 /* TVSeries.swift */ = {isa = PBXFileReference; lastKnownFileType = sourcecode.swift; path = TVSeries.swift; sourceTree = "<group>"; };
		868ECBF92EB13967005189A9 /* TVSeriesTopRateDTO.swift */ = {isa = PBXFileReference; lastKnownFileType = sourcecode.swift; path = TVSeriesTopRateDTO.swift; sourceTree = "<group>"; };
		868ECBFB2EB13DEE005189A9 /* TVSeriesRepositoryProtocol.swift */ = {isa = PBXFileReference; lastKnownFileType = sourcecode.swift; path = TVSeriesRepositoryProtocol.swift; sourceTree = "<group>"; };
		868ECBFE2EB1412C005189A9 /* MockTVSeriesRepository.swift */ = {isa = PBXFileReference; lastKnownFileType = sourcecode.swift; path = MockTVSeriesRepository.swift; sourceTree = "<group>"; };
		868ECC012EB14ED0005189A9 /* TVSeriesTopRateResponseDTO.swift */ = {isa = PBXFileReference; lastKnownFileType = sourcecode.swift; path = TVSeriesTopRateResponseDTO.swift; sourceTree = "<group>"; };
		868ECC042EB14F2D005189A9 /* TVSeriesRepository.swift */ = {isa = PBXFileReference; lastKnownFileType = sourcecode.swift; path = TVSeriesRepository.swift; sourceTree = "<group>"; };
		868ECC0A2EB152A2005189A9 /* TVSeriesGenreDTO.swift */ = {isa = PBXFileReference; lastKnownFileType = sourcecode.swift; path = TVSeriesGenreDTO.swift; sourceTree = "<group>"; };
		868ECC0C2EB152B7005189A9 /* TVSeriesGenresResponseDTO.swift */ = {isa = PBXFileReference; lastKnownFileType = sourcecode.swift; path = TVSeriesGenresResponseDTO.swift; sourceTree = "<group>"; };
		868ECC0E2EB152DE005189A9 /* TVGenres.swift */ = {isa = PBXFileReference; lastKnownFileType = sourcecode.swift; path = TVGenres.swift; sourceTree = "<group>"; };
		868ECC102EB15302005189A9 /* TVGenresRepositoryProtocol.swift */ = {isa = PBXFileReference; lastKnownFileType = sourcecode.swift; path = TVGenresRepositoryProtocol.swift; sourceTree = "<group>"; };
		868ECC122EB15324005189A9 /* TVGenresRepository.swift */ = {isa = PBXFileReference; lastKnownFileType = sourcecode.swift; path = TVGenresRepository.swift; sourceTree = "<group>"; };
		868ECC142EB1598A005189A9 /* MockTVGenresRepository.swift */ = {isa = PBXFileReference; lastKnownFileType = sourcecode.swift; path = MockTVGenresRepository.swift; sourceTree = "<group>"; };
		868ECC182EB4EBB3005189A9 /* TVSeriesPopularDTO.swift */ = {isa = PBXFileReference; lastKnownFileType = sourcecode.swift; path = TVSeriesPopularDTO.swift; sourceTree = "<group>"; };
		868ECC1A2EB4EBF3005189A9 /* TVSeriesPopularResponseDTO.swift */ = {isa = PBXFileReference; lastKnownFileType = sourcecode.swift; path = TVSeriesPopularResponseDTO.swift; sourceTree = "<group>"; };
		868ECC1C2EB6081C005189A9 /* TVSeriesDetailsDTO.swift */ = {isa = PBXFileReference; lastKnownFileType = sourcecode.swift; path = TVSeriesDetailsDTO.swift; sourceTree = "<group>"; };
		868ECC1E2EB6084F005189A9 /* TVSeriesDetailsResponseDTO.swift */ = {isa = PBXFileReference; lastKnownFileType = sourcecode.swift; path = TVSeriesDetailsResponseDTO.swift; sourceTree = "<group>"; };
		868ECC202EB609DC005189A9 /* TVDetails.swift */ = {isa = PBXFileReference; lastKnownFileType = sourcecode.swift; path = TVDetails.swift; sourceTree = "<group>"; };
		868ECC242EB60B58005189A9 /* TVDetailsRepositoryProtocol.swift */ = {isa = PBXFileReference; lastKnownFileType = sourcecode.swift; path = TVDetailsRepositoryProtocol.swift; sourceTree = "<group>"; };
		868ECC262EB60BC4005189A9 /* MockTVDetailsRepository.swift */ = {isa = PBXFileReference; lastKnownFileType = sourcecode.swift; path = MockTVDetailsRepository.swift; sourceTree = "<group>"; };
		868ECC282EB60CFC005189A9 /* TVDetailsRepository.swift */ = {isa = PBXFileReference; lastKnownFileType = sourcecode.swift; path = TVDetailsRepository.swift; sourceTree = "<group>"; };
		868ECC482EB67674005189A9 /* TVSeriesVideoDTO.swift */ = {isa = PBXFileReference; lastKnownFileType = sourcecode.swift; path = TVSeriesVideoDTO.swift; sourceTree = "<group>"; };
		868ECC4A2EB67699005189A9 /* TVSeriesVideosResponseDTO.swift */ = {isa = PBXFileReference; lastKnownFileType = sourcecode.swift; path = TVSeriesVideosResponseDTO.swift; sourceTree = "<group>"; };
		868ECC4C2EB676C8005189A9 /* TVVideo.swift */ = {isa = PBXFileReference; lastKnownFileType = sourcecode.swift; path = TVVideo.swift; sourceTree = "<group>"; };
		868ECC4E2EB6770B005189A9 /* TVVideoRepository.swift */ = {isa = PBXFileReference; lastKnownFileType = sourcecode.swift; path = TVVideoRepository.swift; sourceTree = "<group>"; };
		868ECC502EB6776F005189A9 /* TVVideoRepositoryProtocol.swift */ = {isa = PBXFileReference; lastKnownFileType = sourcecode.swift; path = TVVideoRepositoryProtocol.swift; sourceTree = "<group>"; };
		868ECC522EB67788005189A9 /* MockTVVideoRepository.swift */ = {isa = PBXFileReference; lastKnownFileType = sourcecode.swift; path = MockTVVideoRepository.swift; sourceTree = "<group>"; };
		868ECC542EB77917005189A9 /* TVSeasonDTO.swift */ = {isa = PBXFileReference; lastKnownFileType = sourcecode.swift; path = TVSeasonDTO.swift; sourceTree = "<group>"; };
		868ECC562EB7792F005189A9 /* TVEpisodeDTO.swift */ = {isa = PBXFileReference; lastKnownFileType = sourcecode.swift; path = TVEpisodeDTO.swift; sourceTree = "<group>"; };
		868ECC582EB77940005189A9 /* TVEpisodeVideoDTO.swift */ = {isa = PBXFileReference; lastKnownFileType = sourcecode.swift; path = TVEpisodeVideoDTO.swift; sourceTree = "<group>"; };
		868ECC5A2EB77950005189A9 /* TVSeasonsResponseDTO.swift */ = {isa = PBXFileReference; lastKnownFileType = sourcecode.swift; path = TVSeasonsResponseDTO.swift; sourceTree = "<group>"; };
		868ECC5C2EB77962005189A9 /* TVSeasonDetailsResponseDTO.swift */ = {isa = PBXFileReference; lastKnownFileType = sourcecode.swift; path = TVSeasonDetailsResponseDTO.swift; sourceTree = "<group>"; };
		868ECC5E2EB77973005189A9 /* TVEpisodeVideosResponseDTO.swift */ = {isa = PBXFileReference; lastKnownFileType = sourcecode.swift; path = TVEpisodeVideosResponseDTO.swift; sourceTree = "<group>"; };
		868ECC632EB77A53005189A9 /* TVSeason.swift */ = {isa = PBXFileReference; lastKnownFileType = sourcecode.swift; path = TVSeason.swift; sourceTree = "<group>"; };
		868ECC652EB77A90005189A9 /* TVEpisode.swift */ = {isa = PBXFileReference; lastKnownFileType = sourcecode.swift; path = TVEpisode.swift; sourceTree = "<group>"; };
		868ECC672EB77AAA005189A9 /* TVEpisodeVideo.swift */ = {isa = PBXFileReference; lastKnownFileType = sourcecode.swift; path = TVEpisodeVideo.swift; sourceTree = "<group>"; };
		868ECC692EB77B39005189A9 /* TVSeasonRepositoryProtocol.swift */ = {isa = PBXFileReference; lastKnownFileType = sourcecode.swift; path = TVSeasonRepositoryProtocol.swift; sourceTree = "<group>"; };
		868ECC6B2EB77B5A005189A9 /* TVSeasonRepository.swift */ = {isa = PBXFileReference; lastKnownFileType = sourcecode.swift; path = TVSeasonRepository.swift; sourceTree = "<group>"; };
		868ECC6D2EB77BDB005189A9 /* MockTVSeasonRepository.swift */ = {isa = PBXFileReference; lastKnownFileType = sourcecode.swift; path = MockTVSeasonRepository.swift; sourceTree = "<group>"; };
		868ECC722EB78A53005189A9 /* TVSeriesSimilarDTO.swift */ = {isa = PBXFileReference; lastKnownFileType = sourcecode.swift; path = TVSeriesSimilarDTO.swift; sourceTree = "<group>"; };
		868ECC742EB78A84005189A9 /* TVSeriesSimilarResponseDTO.swift */ = {isa = PBXFileReference; lastKnownFileType = sourcecode.swift; path = TVSeriesSimilarResponseDTO.swift; sourceTree = "<group>"; };
		868ECC762EB78AC4005189A9 /* TVSimilarRepositoryProtocol.swift */ = {isa = PBXFileReference; lastKnownFileType = sourcecode.swift; path = TVSimilarRepositoryProtocol.swift; sourceTree = "<group>"; };
		868ECC782EB78AF4005189A9 /* TVSimilarRepository.swift */ = {isa = PBXFileReference; lastKnownFileType = sourcecode.swift; path = TVSimilarRepository.swift; sourceTree = "<group>"; };
		868ECC7A2EB78B08005189A9 /* MockTVSimilarRepository.swift */ = {isa = PBXFileReference; lastKnownFileType = sourcecode.swift; path = MockTVSimilarRepository.swift; sourceTree = "<group>"; };
		868ECC7C2EB78B23005189A9 /* TVSimilar.swift */ = {isa = PBXFileReference; lastKnownFileType = sourcecode.swift; path = TVSimilar.swift; sourceTree = "<group>"; };
		868ECC962EB929FD005189A9 /* TVCredits.swift */ = {isa = PBXFileReference; lastKnownFileType = sourcecode.swift; path = TVCredits.swift; sourceTree = "<group>"; };
		868ECC982EB92A23005189A9 /* TVCreditsResponseDTO.swift */ = {isa = PBXFileReference; lastKnownFileType = sourcecode.swift; path = TVCreditsResponseDTO.swift; sourceTree = "<group>"; };
		868ECC9A2EB92AE6005189A9 /* TVCreditsRepositoryProtocol.swift */ = {isa = PBXFileReference; lastKnownFileType = sourcecode.swift; path = TVCreditsRepositoryProtocol.swift; sourceTree = "<group>"; };
		868ECCA02EB93092005189A9 /* TVCreditsRepository.swift */ = {isa = PBXFileReference; lastKnownFileType = sourcecode.swift; path = TVCreditsRepository.swift; sourceTree = "<group>"; };
		868ECCA22EB93140005189A9 /* MockTVCreditsRepository.swift */ = {isa = PBXFileReference; lastKnownFileType = sourcecode.swift; path = MockTVCreditsRepository.swift; sourceTree = "<group>"; };
		869608272E96DF590040E51A /* Secrets.xcconfig */ = {isa = PBXFileReference; lastKnownFileType = text.xcconfig; name = Secrets.xcconfig; path = Screenshots/Secrets.xcconfig; sourceTree = "<group>"; };
		869608432EA6944D0040E51A /* KingfisherImageLoader.swift */ = {isa = PBXFileReference; lastKnownFileType = sourcecode.swift; path = KingfisherImageLoader.swift; sourceTree = "<group>"; };
		869608472EA7DD560040E51A /* ArrayAsyncMap.swift */ = {isa = PBXFileReference; lastKnownFileType = sourcecode.swift; path = ArrayAsyncMap.swift; sourceTree = "<group>"; };
/* End PBXFileReference section */

/* Begin PBXFileSystemSynchronizedRootGroup section */
		868D07052E33982A00224CD9 /* Presentation */ = {
			isa = PBXFileSystemSynchronizedRootGroup;
			path = Presentation;
			sourceTree = "<group>";
		};
/* End PBXFileSystemSynchronizedRootGroup section */

/* Begin PBXFrameworksBuildPhase section */
		868D07002E33982A00224CD9 /* Frameworks */ = {
			isa = PBXFrameworksBuildPhase;
			buildActionMask = 2147483647;
			files = (
				869608422EA68C100040E51A /* Kingfisher in Frameworks */,
				86367ED52E3E80A900012D4E /* KeychainAccess in Frameworks */,
				8671785B2E7194D200681D72 /* YouTubeiOSPlayerHelper in Frameworks */,
			);
			runOnlyForDeploymentPostprocessing = 0;
		};
/* End PBXFrameworksBuildPhase section */

/* Begin PBXGroup section */
		861B348F2E7E903F004227CC /* RealRepositories */ = {
			isa = PBXGroup;
			children = (
				868ECC032EB14EFC005189A9 /* RealTVSeries */,
				861B34922E7E9190004227CC /* RealMovie */,
				861B34902E7E9176004227CC /* RealActor */,
			);
			path = RealRepositories;
			sourceTree = "<group>";
		};
		861B34902E7E9176004227CC /* RealActor */ = {
			isa = PBXGroup;
			children = (
				861B34AE2E83C940004227CC /* ActorRepository.swift */,
				861B34B02E83C94A004227CC /* MovieCreditsRepository.swift */,
			);
			path = RealActor;
			sourceTree = "<group>";
		};
		861B34922E7E9190004227CC /* RealMovie */ = {
			isa = PBXGroup;
			children = (
				8671785C2E71A30900681D72 /* MovieVideoRepository.swift */,
				861B34932E7E93BF004227CC /* GenreRepository.swift */,
				861B34AA2E83C918004227CC /* MovieSimilarRepository.swift */,
				861B34AC2E83C92C004227CC /* MovieDetailsRepository.swift */,
				861B34A42E7EAADB004227CC /* MovieRepository.swift */,
			);
			path = RealMovie;
			sourceTree = "<group>";
		};
		861B34962E7E98DA004227CC /* ResponseDTO */ = {
			isa = PBXGroup;
			children = (
				868ECC002EB14EC0005189A9 /* TVSeries */,
				861B34972E7E997E004227CC /* Movies */,
				861B34992E7E9997004227CC /* Actors */,
			);
			path = ResponseDTO;
			sourceTree = "<group>";
		};
		861B34972E7E997E004227CC /* Movies */ = {
			isa = PBXGroup;
			children = (
				861B349A2E7E99E9004227CC /* GenresResponseDTO.swift */,
				861B34A02E7E9B64004227CC /* MovieVideosResponseDTO.swift */,
				861B34A22E7E9B89004227CC /* MoviesSimilarResponseDTO.swift */,
				861B34B22E83DB17004227CC /* MoviesDetailsResponseDTO.swift */,
				861B349C2E7E9A97004227CC /* TopRatedResponseDTO.swift */,
				861B349E2E7E9B0F004227CC /* UpcomingResponseDTO.swift */,
			);
			path = Movies;
			sourceTree = "<group>";
		};
		861B34992E7E9997004227CC /* Actors */ = {
			isa = PBXGroup;
			children = (
				867179012E75A5A700681D72 /* MovieCreditsResponseDTO.swift */,
				861B346C2E7B1975004227CC /* ActorImagesResponseDTO.swift */,
				867178ED2E7583E700681D72 /* ActorMoviesResponseDTO.swift */,
			);
			path = Actors;
			sourceTree = "<group>";
		};
		86367DE52E3A249300012D4E /* Resources */ = {
			isa = PBXGroup;
			children = (
				86367DD32E3A241400012D4E /* Assets.xcassets */,
				86367DD42E3A241400012D4E /* Info.plist */,
				86367DD52E3A241400012D4E /* LaunchScreen.storyboard */,
			);
			path = Resources;
			sourceTree = "<group>";
		};
		86367DE62E3A24AD00012D4E /* Storage */ = {
			isa = PBXGroup;
			children = (
				86367DD72E3A241400012D4E /* MovieApp.xcdatamodeld */,
				867177472E6C701B00681D72 /* PersistenceController.swift */,
				8671774D2E6C741B00681D72 /* FavoritesStorage.swift */,
				868A3F012EC2137E00C94BC9 /* FavoriteMovie+CoreDataClass.swift */,
				868A3F022EC2137E00C94BC9 /* FavoriteMovie+CoreDataProperties.swift */,
			);
			path = Storage;
			sourceTree = "<group>";
		};
		86367DE72E3A24B700012D4E /* Applications */ = {
			isa = PBXGroup;
			children = (
				86367DD22E3A241400012D4E /* AppDelegate.swift */,
				86367DD82E3A241400012D4E /* SceneDelegate.swift */,
			);
			path = Applications;
			sourceTree = "<group>";
		};
		86367DE82E3A24C700012D4E /* Builder */ = {
			isa = PBXGroup;
			children = (
				86367DF42E3A29A100012D4E /* Builder.swift */,
			);
			path = Builder;
			sourceTree = "<group>";
		};
		86367DE92E3A24D000012D4E /* Extensions */ = {
			isa = PBXGroup;
			children = (
				86367E3C2E3BC04900012D4E /* UIViewExtension.swift */,
				86367EE52E40C43200012D4E /* StringProtocolExtension.swift */,
				867178E72E72C28200681D72 /* UIVCNavBarExtension.swift */,
				869608472EA7DD560040E51A /* ArrayAsyncMap.swift */,
				868A3F0D2ECB354F00C94BC9 /* StringURLEncoded.swift */,
			);
			path = Extensions;
			sourceTree = "<group>";
		};
		863680232E4B536B00012D4E /* Helper */ = {
			isa = PBXGroup;
			children = (
				863680262E4B542500012D4E /* TextLabel.swift */,
				861B33B82E797018004227CC /* PaddingLabel.swift */,
			);
			path = Helper;
			sourceTree = "<group>";
		};
		867174102E5DE5C300681D72 /* Domain */ = {
			isa = PBXGroup;
			children = (
				867174122E5DE5F200681D72 /* RepositoriesProtocol */,
				867174112E5DE5DB00681D72 /* Entities */,
			);
			path = Domain;
			sourceTree = "<group>";
		};
		867174112E5DE5DB00681D72 /* Entities */ = {
			isa = PBXGroup;
			children = (
				868ECBF42EB137A4005189A9 /* TVSeriesObject */,
				867179032E75A7E500681D72 /* MoviesObject */,
				867178F12E75844E00681D72 /* ActorObject */,
			);
			path = Entities;
			sourceTree = "<group>";
		};
		867174122E5DE5F200681D72 /* RepositoriesProtocol */ = {
			isa = PBXGroup;
			children = (
				868ECBF52EB137D8005189A9 /* TVSeriesRepositories */,
				8671791D2E75AE0300681D72 /* ActorRepositories */,
				8671791B2E75ADC300681D72 /* MovieRepositories */,
			);
			path = RepositoriesProtocol;
			sourceTree = "<group>";
		};
		867174132E5DE60800681D72 /* Data */ = {
			isa = PBXGroup;
			children = (
				867174162E5DE87D00681D72 /* Network */,
				867174152E5DE87500681D72 /* DTO */,
				861B34962E7E98DA004227CC /* ResponseDTO */,
				861B348F2E7E903F004227CC /* RealRepositories */,
				867176192E65D00E00681D72 /* MockRepositories */,
			);
			path = Data;
			sourceTree = "<group>";
		};
		867174152E5DE87500681D72 /* DTO */ = {
			isa = PBXGroup;
			children = (
				868ECBF82EB13939005189A9 /* TVSeries */,
				867179002E75A52D00681D72 /* Movies */,
				867178EA2E757E7700681D72 /* Actors */,
			);
			path = DTO;
			sourceTree = "<group>";
		};
		867174162E5DE87D00681D72 /* Network */ = {
			isa = PBXGroup;
			children = (
				861B348B2E7E8968004227CC /* NetworkService.swift */,
				861B348D2E7E8A74004227CC /* Endpoint.swift */,
				869608432EA6944D0040E51A /* KingfisherImageLoader.swift */,
			);
			path = Network;
			sourceTree = "<group>";
		};
		867176192E65D00E00681D72 /* MockRepositories */ = {
			isa = PBXGroup;
			children = (
				868ECBFD2EB140DF005189A9 /* MockTVSeries */,
				8671791F2E75AE6300681D72 /* MockActor */,
				8671785E2E71A75200681D72 /* MockMovie */,
			);
			path = MockRepositories;
			sourceTree = "<group>";
		};
		8671785E2E71A75200681D72 /* MockMovie */ = {
			isa = PBXGroup;
			children = (
				867176BF2E6AEF5E00681D72 /* MockMovieRepository.swift */,
				8671757B2E60A4CA00681D72 /* MockMovieVideoRepository.swift */,
				867175792E60A4CA00681D72 /* MockGenreRepository.swift */,
				8671757A2E60A4CA00681D72 /* MockMovieDetailsRepository.swift */,
				867176262E6603CF00681D72 /* MockMovieSimilarRepository.swift */,
			);
			path = MockMovie;
			sourceTree = "<group>";
		};
		867178EA2E757E7700681D72 /* Actors */ = {
			isa = PBXGroup;
			children = (
				867178EB2E7583D100681D72 /* ActorDetailsDTO.swift */,
				867179052E75AAB800681D72 /* CastDTO.swift */,
				867179072E75AAE000681D72 /* CrewDTO.swift */,
				861B34A62E8130F6004227CC /* ActorMovieDTO.swift */,
				861B34A82E81311C004227CC /* ActorImageDTO.swift */,
			);
			path = Actors;
			sourceTree = "<group>";
		};
		867178F12E75844E00681D72 /* ActorObject */ = {
			isa = PBXGroup;
			children = (
				867178EF2E75841400681D72 /* ActorDetails.swift */,
				867178F22E75845B00681D72 /* ActorMovie.swift */,
				861B346E2E7B19C9004227CC /* ActorImages.swift */,
				867179092E75ABC100681D72 /* CastMember.swift */,
				8671790B2E75ABD500681D72 /* CrewMember.swift */,
				867179242E75B60A00681D72 /* MovieCredits.swift */,
			);
			path = ActorObject;
			sourceTree = "<group>";
		};
		867179002E75A52D00681D72 /* Movies */ = {
			isa = PBXGroup;
			children = (
				867173AB2E5DC19500681D72 /* MovieDetailsDTO.swift */,
				8671761A2E65D1E600681D72 /* MovieSimilarDTO.swift */,
				8671755C2E5F15CB00681D72 /* MovieVideoDTO.swift */,
				867173AA2E5DC19500681D72 /* GenreDTO.swift */,
				867176A42E6A1ADC00681D72 /* TopRatedMovieDTO.swift */,
				867176A62E6A1D6000681D72 /* UpcomingMovieDTO.swift */,
			);
			path = Movies;
			sourceTree = "<group>";
		};
		867179032E75A7E500681D72 /* MoviesObject */ = {
			isa = PBXGroup;
			children = (
				867176BB2E6AEA8300681D72 /* Movie.swift */,
				867173A82E5DC19500681D72 /* MovieDetails.swift */,
				8671755A2E5F15BD00681D72 /* MovieVideo.swift */,
				8671761C2E65D20100681D72 /* MovieSimilar.swift */,
				867173A72E5DC19500681D72 /* Genres.swift */,
			);
			path = MoviesObject;
			sourceTree = "<group>";
		};
		8671791B2E75ADC300681D72 /* MovieRepositories */ = {
			isa = PBXGroup;
			children = (
				867174EB2E5EFB0300681D72 /* MovieDetailsRepositoryProtocol.swift */,
				867176BD2E6AEF4200681D72 /* MovieRepositoryProtocol.swift */,
				8671755E2E5F164F00681D72 /* GenreRepositoryProtocol.swift */,
				867175602E5F165D00681D72 /* MovieVideoRepositoryProtocol.swift */,
				867176242E6603A100681D72 /* MovieSimilarRepositoryProtocol.swift */,
			);
			path = MovieRepositories;
			sourceTree = "<group>";
		};
		8671791D2E75AE0300681D72 /* ActorRepositories */ = {
			isa = PBXGroup;
			children = (
				867178F42E7585DF00681D72 /* ActorRepositoryProtocol.swift */,
				867179172E75AD4F00681D72 /* MovieCreditsRepositoryProtocol.swift */,
			);
			path = ActorRepositories;
			sourceTree = "<group>";
		};
		8671791F2E75AE6300681D72 /* MockActor */ = {
			isa = PBXGroup;
			children = (
				867178F62E75860F00681D72 /* MockActorRepository.swift */,
				867179192E75AD7B00681D72 /* MockMovieCreditsRepository.swift */,
			);
			path = MockActor;
			sourceTree = "<group>";
		};
		868A3F142ECDAE4600C94BC9 /* Screenshots */ = {
			isa = PBXGroup;
			children = (
				868A3F182ECDE6BA00C94BC9 /* main_screen.png */,
				868A3F1C2ECDE7B600C94BC9 /* main_screen_search.png */,
				868A3F202ECDEC3E00C94BC9 /* movie_page1.png */,
				868A3F222ECDEC4F00C94BC9 /* movie_page2.png */,
				868A3F242ECDEC7100C94BC9 /* movie_page3.png */,
				868A3F262ECDED6300C94BC9 /* series_page1.png */,
				868A3F282ECDED8000C94BC9 /* series_page2.png */,
				868A3F2A2ECDEDA500C94BC9 /* series_page3.png */,
				868A3F2C2ECDEDF600C94BC9 /* actor_filmography.png */,
				868A3F2E2ECDEE1100C94BC9 /* actor_biography.png */,
				868A3F322ECDEFAA00C94BC9 /* trailer_player.png */,
				868A3F342ECDF01200C94BC9 /* favorite_page.png */,
				868A3F362ECDF13300C94BC9 /* dynamic_list_page.png */,
				868A3F382ECDFE2200C94BC9 /* setting_page.png */,
				868A3F3A2ECDFE6D00C94BC9 /* passcode_page.png */,
			);
			path = Screenshots;
			sourceTree = "<group>";
		};
		868D06FA2E33982A00224CD9 = {
			isa = PBXGroup;
			children = (
				86367DE72E3A24B700012D4E /* Applications */,
				86367DE82E3A24C700012D4E /* Builder */,
				867174132E5DE60800681D72 /* Data */,
				867174102E5DE5C300681D72 /* Domain */,
				868D07052E33982A00224CD9 /* Presentation */,
				863680232E4B536B00012D4E /* Helper */,
				86367DE92E3A24D000012D4E /* Extensions */,
				86367DE62E3A24AD00012D4E /* Storage */,
				86367DE52E3A249300012D4E /* Resources */,
				868D07042E33982A00224CD9 /* Products */,
				869608272E96DF590040E51A /* Secrets.xcconfig */,
				868A3F142ECDAE4600C94BC9 /* Screenshots */,
			);
			sourceTree = "<group>";
		};
		868D07042E33982A00224CD9 /* Products */ = {
			isa = PBXGroup;
			children = (
				868D07032E33982A00224CD9 /* MovieApp.app */,
			);
			name = Products;
			sourceTree = "<group>";
		};
		868ECBF42EB137A4005189A9 /* TVSeriesObject */ = {
			isa = PBXGroup;
			children = (
				868ECC932EB926EE005189A9 /* TVSeries */,
				868ECC8B2EB9232F005189A9 /* TVActor */,
				868ECC622EB77A38005189A9 /* TVSeasonAndEpisodeObject */,
			);
			path = TVSeriesObject;
			sourceTree = "<group>";
		};
		868ECBF52EB137D8005189A9 /* TVSeriesRepositories */ = {
			isa = PBXGroup;
			children = (
				868ECC922EB926AF005189A9 /* TVActorRepositories */,
				868ECC912EB92692005189A9 /* TVSeriesRepositories */,
				868ECC712EB77F43005189A9 /* TVSeasonAndEpisodeProtocol */,
			);
			path = TVSeriesRepositories;
			sourceTree = "<group>";
		};
		868ECBF82EB13939005189A9 /* TVSeries */ = {
			isa = PBXGroup;
			children = (
				868ECC8D2EB925CB005189A9 /* TVSeries */,
				868ECC602EB779B4005189A9 /* TVSeasonAndEpisode */,
			);
			path = TVSeries;
			sourceTree = "<group>";
		};
		868ECBFD2EB140DF005189A9 /* MockTVSeries */ = {
			isa = PBXGroup;
			children = (
				868ECC942EB9272B005189A9 /* MockTVActor */,
				868ECC902EB92662005189A9 /* MockTVSeries */,
				868ECC702EB77F2D005189A9 /* MockTVSeasonAndEpisode */,
			);
			path = MockTVSeries;
			sourceTree = "<group>";
		};
		868ECC002EB14EC0005189A9 /* TVSeries */ = {
			isa = PBXGroup;
			children = (
				868ECC8E2EB925F9005189A9 /* TVSeries */,
				868ECC8C2EB92430005189A9 /* TVActor */,
				868ECC612EB779EA005189A9 /* TVSeasonAndEpisode */,
			);
			path = TVSeries;
			sourceTree = "<group>";
		};
		868ECC032EB14EFC005189A9 /* RealTVSeries */ = {
			isa = PBXGroup;
			children = (
				868ECC952EB9275A005189A9 /* RealTVActor */,
				868ECC8F2EB92630005189A9 /* RealTVSeries */,
				868ECC6F2EB77F0E005189A9 /* RealTVSeasonAndEpisode */,
			);
			path = RealTVSeries;
			sourceTree = "<group>";
		};
		868ECC602EB779B4005189A9 /* TVSeasonAndEpisode */ = {
			isa = PBXGroup;
			children = (
				868ECC542EB77917005189A9 /* TVSeasonDTO.swift */,
				868ECC562EB7792F005189A9 /* TVEpisodeDTO.swift */,
				868ECC582EB77940005189A9 /* TVEpisodeVideoDTO.swift */,
			);
			path = TVSeasonAndEpisode;
			sourceTree = "<group>";
		};
		868ECC612EB779EA005189A9 /* TVSeasonAndEpisode */ = {
			isa = PBXGroup;
			children = (
				868ECC5A2EB77950005189A9 /* TVSeasonsResponseDTO.swift */,
				868ECC5C2EB77962005189A9 /* TVSeasonDetailsResponseDTO.swift */,
				868ECC5E2EB77973005189A9 /* TVEpisodeVideosResponseDTO.swift */,
			);
			path = TVSeasonAndEpisode;
			sourceTree = "<group>";
		};
		868ECC622EB77A38005189A9 /* TVSeasonAndEpisodeObject */ = {
			isa = PBXGroup;
			children = (
				868ECC632EB77A53005189A9 /* TVSeason.swift */,
				868ECC652EB77A90005189A9 /* TVEpisode.swift */,
				868ECC672EB77AAA005189A9 /* TVEpisodeVideo.swift */,
			);
			path = TVSeasonAndEpisodeObject;
			sourceTree = "<group>";
		};
		868ECC6F2EB77F0E005189A9 /* RealTVSeasonAndEpisode */ = {
			isa = PBXGroup;
			children = (
				868ECC6B2EB77B5A005189A9 /* TVSeasonRepository.swift */,
			);
			path = RealTVSeasonAndEpisode;
			sourceTree = "<group>";
		};
		868ECC702EB77F2D005189A9 /* MockTVSeasonAndEpisode */ = {
			isa = PBXGroup;
			children = (
				868ECC6D2EB77BDB005189A9 /* MockTVSeasonRepository.swift */,
			);
			path = MockTVSeasonAndEpisode;
			sourceTree = "<group>";
		};
		868ECC712EB77F43005189A9 /* TVSeasonAndEpisodeProtocol */ = {
			isa = PBXGroup;
			children = (
				868ECC692EB77B39005189A9 /* TVSeasonRepositoryProtocol.swift */,
			);
			path = TVSeasonAndEpisodeProtocol;
			sourceTree = "<group>";
		};
		868ECC8B2EB9232F005189A9 /* TVActor */ = {
			isa = PBXGroup;
			children = (
				868ECC962EB929FD005189A9 /* TVCredits.swift */,
			);
			path = TVActor;
			sourceTree = "<group>";
		};
		868ECC8C2EB92430005189A9 /* TVActor */ = {
			isa = PBXGroup;
			children = (
				868ECC982EB92A23005189A9 /* TVCreditsResponseDTO.swift */,
			);
			path = TVActor;
			sourceTree = "<group>";
		};
		868ECC8D2EB925CB005189A9 /* TVSeries */ = {
			isa = PBXGroup;
			children = (
				868ECBF92EB13967005189A9 /* TVSeriesTopRateDTO.swift */,
				868ECC0A2EB152A2005189A9 /* TVSeriesGenreDTO.swift */,
				868ECC182EB4EBB3005189A9 /* TVSeriesPopularDTO.swift */,
				868ECC1C2EB6081C005189A9 /* TVSeriesDetailsDTO.swift */,
				868ECC482EB67674005189A9 /* TVSeriesVideoDTO.swift */,
				868ECC722EB78A53005189A9 /* TVSeriesSimilarDTO.swift */,
			);
			path = TVSeries;
			sourceTree = "<group>";
		};
		868ECC8E2EB925F9005189A9 /* TVSeries */ = {
			isa = PBXGroup;
			children = (
				868ECC012EB14ED0005189A9 /* TVSeriesTopRateResponseDTO.swift */,
				868ECC0C2EB152B7005189A9 /* TVSeriesGenresResponseDTO.swift */,
				868ECC1A2EB4EBF3005189A9 /* TVSeriesPopularResponseDTO.swift */,
				868ECC1E2EB6084F005189A9 /* TVSeriesDetailsResponseDTO.swift */,
				868ECC4A2EB67699005189A9 /* TVSeriesVideosResponseDTO.swift */,
				868ECC742EB78A84005189A9 /* TVSeriesSimilarResponseDTO.swift */,
			);
			path = TVSeries;
			sourceTree = "<group>";
		};
		868ECC8F2EB92630005189A9 /* RealTVSeries */ = {
			isa = PBXGroup;
			children = (
				868ECC042EB14F2D005189A9 /* TVSeriesRepository.swift */,
				868ECC122EB15324005189A9 /* TVGenresRepository.swift */,
				868ECC282EB60CFC005189A9 /* TVDetailsRepository.swift */,
				868ECC4E2EB6770B005189A9 /* TVVideoRepository.swift */,
				868ECC782EB78AF4005189A9 /* TVSimilarRepository.swift */,
			);
			path = RealTVSeries;
			sourceTree = "<group>";
		};
		868ECC902EB92662005189A9 /* MockTVSeries */ = {
			isa = PBXGroup;
			children = (
				868ECBFE2EB1412C005189A9 /* MockTVSeriesRepository.swift */,
				868ECC142EB1598A005189A9 /* MockTVGenresRepository.swift */,
				868ECC262EB60BC4005189A9 /* MockTVDetailsRepository.swift */,
				868ECC522EB67788005189A9 /* MockTVVideoRepository.swift */,
				868ECC7A2EB78B08005189A9 /* MockTVSimilarRepository.swift */,
			);
			path = MockTVSeries;
			sourceTree = "<group>";
		};
		868ECC912EB92692005189A9 /* TVSeriesRepositories */ = {
			isa = PBXGroup;
			children = (
				868ECBFB2EB13DEE005189A9 /* TVSeriesRepositoryProtocol.swift */,
				868ECC102EB15302005189A9 /* TVGenresRepositoryProtocol.swift */,
				868ECC242EB60B58005189A9 /* TVDetailsRepositoryProtocol.swift */,
				868ECC502EB6776F005189A9 /* TVVideoRepositoryProtocol.swift */,
				868ECC762EB78AC4005189A9 /* TVSimilarRepositoryProtocol.swift */,
			);
			path = TVSeriesRepositories;
			sourceTree = "<group>";
		};
		868ECC922EB926AF005189A9 /* TVActorRepositories */ = {
			isa = PBXGroup;
			children = (
				868ECC9A2EB92AE6005189A9 /* TVCreditsRepositoryProtocol.swift */,
			);
			path = TVActorRepositories;
			sourceTree = "<group>";
		};
		868ECC932EB926EE005189A9 /* TVSeries */ = {
			isa = PBXGroup;
			children = (
				868ECBF62EB13865005189A9 /* TVSeries.swift */,
				868ECC0E2EB152DE005189A9 /* TVGenres.swift */,
				868ECC202EB609DC005189A9 /* TVDetails.swift */,
				868ECC4C2EB676C8005189A9 /* TVVideo.swift */,
				868ECC7C2EB78B23005189A9 /* TVSimilar.swift */,
			);
			path = TVSeries;
			sourceTree = "<group>";
		};
		868ECC942EB9272B005189A9 /* MockTVActor */ = {
			isa = PBXGroup;
			children = (
				868ECCA22EB93140005189A9 /* MockTVCreditsRepository.swift */,
			);
			path = MockTVActor;
			sourceTree = "<group>";
		};
		868ECC952EB9275A005189A9 /* RealTVActor */ = {
			isa = PBXGroup;
			children = (
				868ECCA02EB93092005189A9 /* TVCreditsRepository.swift */,
			);
			path = RealTVActor;
			sourceTree = "<group>";
		};
/* End PBXGroup section */

/* Begin PBXNativeTarget section */
		868D07022E33982A00224CD9 /* MovieApp */ = {
			isa = PBXNativeTarget;
			buildConfigurationList = 868D07192E33982C00224CD9 /* Build configuration list for PBXNativeTarget "MovieApp" */;
			buildPhases = (
				868D06FF2E33982A00224CD9 /* Sources */,
				868D07002E33982A00224CD9 /* Frameworks */,
				868D07012E33982A00224CD9 /* Resources */,
			);
			buildRules = (
			);
			dependencies = (
			);
			fileSystemSynchronizedGroups = (
				868D07052E33982A00224CD9 /* Presentation */,
			);
			name = MovieApp;
			packageProductDependencies = (
				86367ED42E3E80A900012D4E /* KeychainAccess */,
				8671785A2E7194D200681D72 /* YouTubeiOSPlayerHelper */,
				869608412EA68C100040E51A /* Kingfisher */,
			);
			productName = MovieApp;
			productReference = 868D07032E33982A00224CD9 /* MovieApp.app */;
			productType = "com.apple.product-type.application";
		};
/* End PBXNativeTarget section */

/* Begin PBXProject section */
		868D06FB2E33982A00224CD9 /* Project object */ = {
			isa = PBXProject;
			attributes = {
				BuildIndependentTargetsInParallel = YES;
				LastSwiftUpdateCheck = 1620;
				LastUpgradeCheck = 1620;
				TargetAttributes = {
					868D07022E33982A00224CD9 = {
						CreatedOnToolsVersion = 16.2;
					};
				};
			};
			buildConfigurationList = 868D06FE2E33982A00224CD9 /* Build configuration list for PBXProject "MovieApp" */;
			developmentRegion = en;
			hasScannedForEncodings = 0;
			knownRegions = (
				en,
				Base,
			);
			mainGroup = 868D06FA2E33982A00224CD9;
			minimizedProjectReferenceProxies = 1;
			packageReferences = (
				86367ED32E3E80A900012D4E /* XCRemoteSwiftPackageReference "KeychainAccess" */,
				867178592E7194D200681D72 /* XCRemoteSwiftPackageReference "youtube-ios-player-helper" */,
				869608402EA68C100040E51A /* XCRemoteSwiftPackageReference "Kingfisher" */,
			);
			preferredProjectObjectVersion = 77;
			productRefGroup = 868D07042E33982A00224CD9 /* Products */;
			projectDirPath = "";
			projectRoot = "";
			targets = (
				868D07022E33982A00224CD9 /* MovieApp */,
			);
		};
/* End PBXProject section */

/* Begin PBXResourcesBuildPhase section */
		868D07012E33982A00224CD9 /* Resources */ = {
			isa = PBXResourcesBuildPhase;
			buildActionMask = 2147483647;
			files = (
				868A3F292ECDED8000C94BC9 /* series_page2.png in Resources */,
				868A3F232ECDEC4F00C94BC9 /* movie_page2.png in Resources */,
				868A3F2B2ECDEDA500C94BC9 /* series_page3.png in Resources */,
				868A3F1D2ECDE7B600C94BC9 /* main_screen_search.png in Resources */,
				86367DE12E3A241400012D4E /* Assets.xcassets in Resources */,
				868A3F3B2ECDFE6D00C94BC9 /* passcode_page.png in Resources */,
				868A3F332ECDEFAA00C94BC9 /* trailer_player.png in Resources */,
				868A3F252ECDEC7100C94BC9 /* movie_page3.png in Resources */,
				86367DE32E3A241400012D4E /* LaunchScreen.storyboard in Resources */,
				868A3F392ECDFE2200C94BC9 /* setting_page.png in Resources */,
				868A3F212ECDEC3E00C94BC9 /* movie_page1.png in Resources */,
				868A3F2F2ECDEE1100C94BC9 /* actor_biography.png in Resources */,
				868A3F192ECDE6BA00C94BC9 /* main_screen.png in Resources */,
				868A3F2D2ECDEDF600C94BC9 /* actor_filmography.png in Resources */,
				869608282E96DF590040E51A /* Secrets.xcconfig in Resources */,
				868A3F352ECDF01200C94BC9 /* favorite_page.png in Resources */,
				868A3F372ECDF13300C94BC9 /* dynamic_list_page.png in Resources */,
				868A3F272ECDED6300C94BC9 /* series_page1.png in Resources */,
			);
			runOnlyForDeploymentPostprocessing = 0;
		};
/* End PBXResourcesBuildPhase section */

/* Begin PBXSourcesBuildPhase section */
		868D06FF2E33982A00224CD9 /* Sources */ = {
			isa = PBXSourcesBuildPhase;
			buildActionMask = 2147483647;
			files = (
				868ECC1F2EB6084F005189A9 /* TVSeriesDetailsResponseDTO.swift in Sources */,
				867179082E75AAE000681D72 /* CrewDTO.swift in Sources */,
				861B34942E7E93BF004227CC /* GenreRepository.swift in Sources */,
				868ECC792EB78AF4005189A9 /* TVSimilarRepository.swift in Sources */,
				867173ED2E5DC19500681D72 /* Genres.swift in Sources */,
				867178F52E7585DF00681D72 /* ActorRepositoryProtocol.swift in Sources */,
				867173EE2E5DC19500681D72 /* MovieDetails.swift in Sources */,
				868ECC662EB77A90005189A9 /* TVEpisode.swift in Sources */,
				868ECC052EB14F2D005189A9 /* TVSeriesRepository.swift in Sources */,
				868ECC1D2EB6081C005189A9 /* TVSeriesDetailsDTO.swift in Sources */,
				868ECC6E2EB77BDB005189A9 /* MockTVSeasonRepository.swift in Sources */,
				868ECC4D2EB676C8005189A9 /* TVVideo.swift in Sources */,
				868ECC572EB7792F005189A9 /* TVEpisodeDTO.swift in Sources */,
				868ECCA12EB93092005189A9 /* TVCreditsRepository.swift in Sources */,
				868ECC292EB60CFC005189A9 /* TVDetailsRepository.swift in Sources */,
				868ECC112EB15302005189A9 /* TVGenresRepositoryProtocol.swift in Sources */,
				868ECC132EB15324005189A9 /* TVGenresRepository.swift in Sources */,
				868ECC512EB6776F005189A9 /* TVVideoRepositoryProtocol.swift in Sources */,
				868ECC252EB60B58005189A9 /* TVDetailsRepositoryProtocol.swift in Sources */,
				868ECC272EB60BC4005189A9 /* MockTVDetailsRepository.swift in Sources */,
				868ECC642EB77A53005189A9 /* TVSeason.swift in Sources */,
				868ECC212EB609DC005189A9 /* TVDetails.swift in Sources */,
				868ECC552EB77917005189A9 /* TVSeasonDTO.swift in Sources */,
				868ECC992EB92A23005189A9 /* TVCreditsResponseDTO.swift in Sources */,
				868ECC5D2EB77962005189A9 /* TVSeasonDetailsResponseDTO.swift in Sources */,
				868ECC532EB67788005189A9 /* MockTVVideoRepository.swift in Sources */,
				868ECC5F2EB77973005189A9 /* TVEpisodeVideosResponseDTO.swift in Sources */,
				868ECC6C2EB77B5A005189A9 /* TVSeasonRepository.swift in Sources */,
				868ECC6A2EB77B39005189A9 /* TVSeasonRepositoryProtocol.swift in Sources */,
				868ECBF72EB13865005189A9 /* TVSeries.swift in Sources */,
				868ECC592EB77940005189A9 /* TVEpisodeVideoDTO.swift in Sources */,
				868ECC152EB1598A005189A9 /* MockTVGenresRepository.swift in Sources */,
				868ECBFF2EB1412C005189A9 /* MockTVSeriesRepository.swift in Sources */,
				868ECC0F2EB152DE005189A9 /* TVGenres.swift in Sources */,
				868ECCA32EB93140005189A9 /* MockTVCreditsRepository.swift in Sources */,
				868ECC0D2EB152B7005189A9 /* TVSeriesGenresResponseDTO.swift in Sources */,
				868ECC732EB78A53005189A9 /* TVSeriesSimilarDTO.swift in Sources */,
				868ECC4B2EB67699005189A9 /* TVSeriesVideosResponseDTO.swift in Sources */,
				868ECC0B2EB152A2005189A9 /* TVSeriesGenreDTO.swift in Sources */,
				867173EF2E5DC19500681D72 /* GenreDTO.swift in Sources */,
				867178F02E75841400681D72 /* ActorDetails.swift in Sources */,
				868ECC9B2EB92AE6005189A9 /* TVCreditsRepositoryProtocol.swift in Sources */,
				868ECC7D2EB78B23005189A9 /* TVSimilar.swift in Sources */,
				867175612E5F165D00681D72 /* MovieVideoRepositoryProtocol.swift in Sources */,
				861B34AB2E83C918004227CC /* MovieSimilarRepository.swift in Sources */,
				867173F02E5DC19500681D72 /* MovieDetailsDTO.swift in Sources */,
				8671755D2E5F15CB00681D72 /* MovieVideoDTO.swift in Sources */,
				867178EC2E7583D100681D72 /* ActorDetailsDTO.swift in Sources */,
				868ECBFA2EB13967005189A9 /* TVSeriesTopRateDTO.swift in Sources */,
				8671755B2E5F15BD00681D72 /* MovieVideo.swift in Sources */,
				867176BE2E6AEF4200681D72 /* MovieRepositoryProtocol.swift in Sources */,
				867176BC2E6AEA8300681D72 /* Movie.swift in Sources */,
				867176A72E6A1D6000681D72 /* UpcomingMovieDTO.swift in Sources */,
				867176A52E6A1ADD00681D72 /* TopRatedMovieDTO.swift in Sources */,
				868ECC972EB929FD005189A9 /* TVCredits.swift in Sources */,
				868A3F032EC2137E00C94BC9 /* FavoriteMovie+CoreDataClass.swift in Sources */,
				868A3F042EC2137E00C94BC9 /* FavoriteMovie+CoreDataProperties.swift in Sources */,
				86367DDD2E3A241400012D4E /* AppDelegate.swift in Sources */,
				86367DDE2E3A241400012D4E /* MovieApp.xcdatamodeld in Sources */,
				867178E82E72C28200681D72 /* UIVCNavBarExtension.swift in Sources */,
				8671785D2E71A30900681D72 /* MovieVideoRepository.swift in Sources */,
				86367DDF2E3A241400012D4E /* SceneDelegate.swift in Sources */,
				86367DF52E3A29A100012D4E /* Builder.swift in Sources */,
				868ECC492EB67674005189A9 /* TVSeriesVideoDTO.swift in Sources */,
				867174EC2E5EFB0300681D72 /* MovieDetailsRepositoryProtocol.swift in Sources */,
				867178F32E75845B00681D72 /* ActorMovie.swift in Sources */,
				868ECBFC2EB13DEE005189A9 /* TVSeriesRepositoryProtocol.swift in Sources */,
				867176C02E6AEF5E00681D72 /* MockMovieRepository.swift in Sources */,
				868ECC192EB4EBB3005189A9 /* TVSeriesPopularDTO.swift in Sources */,
				867176252E6603A200681D72 /* MovieSimilarRepositoryProtocol.swift in Sources */,
				861B34B32E83DB17004227CC /* MoviesDetailsResponseDTO.swift in Sources */,
				8671757C2E60A4CA00681D72 /* MockGenreRepository.swift in Sources */,
				861B346D2E7B1975004227CC /* ActorImagesResponseDTO.swift in Sources */,
				868ECC4F2EB6770B005189A9 /* TVVideoRepository.swift in Sources */,
				867176272E6603CF00681D72 /* MockMovieSimilarRepository.swift in Sources */,
				869608442EA6944D0040E51A /* KingfisherImageLoader.swift in Sources */,
				869608482EA7DD560040E51A /* ArrayAsyncMap.swift in Sources */,
				8671761D2E65D20100681D72 /* MovieSimilar.swift in Sources */,
				868ECC5B2EB77950005189A9 /* TVSeasonsResponseDTO.swift in Sources */,
				8671761B2E65D1E600681D72 /* MovieSimilarDTO.swift in Sources */,
				8671774E2E6C741B00681D72 /* FavoritesStorage.swift in Sources */,
				861B34B12E83C94A004227CC /* MovieCreditsRepository.swift in Sources */,
				867177482E6C701B00681D72 /* PersistenceController.swift in Sources */,
				8671757D2E60A4CA00681D72 /* MockMovieDetailsRepository.swift in Sources */,
				8671757E2E60A4CA00681D72 /* MockMovieVideoRepository.swift in Sources */,
				861B34A72E8130F6004227CC /* ActorMovieDTO.swift in Sources */,
				861B33B92E797018004227CC /* PaddingLabel.swift in Sources */,
				863680272E4B542500012D4E /* TextLabel.swift in Sources */,
				868ECC682EB77AAA005189A9 /* TVEpisodeVideo.swift in Sources */,
				86367E3D2E3BC04900012D4E /* UIViewExtension.swift in Sources */,
				868A3F0E2ECB354F00C94BC9 /* StringURLEncoded.swift in Sources */,
				86367EE62E40C43200012D4E /* StringProtocolExtension.swift in Sources */,
				8671755F2E5F164F00681D72 /* GenreRepositoryProtocol.swift in Sources */,
				8671791A2E75AD7B00681D72 /* MockMovieCreditsRepository.swift in Sources */,
				867179252E75B60A00681D72 /* MovieCredits.swift in Sources */,
				861B34AF2E83C940004227CC /* ActorRepository.swift in Sources */,
				867178F72E75860F00681D72 /* MockActorRepository.swift in Sources */,
				861B346F2E7B19C9004227CC /* ActorImages.swift in Sources */,
				867179022E75A5A700681D72 /* MovieCreditsResponseDTO.swift in Sources */,
				8671790A2E75ABC100681D72 /* CastMember.swift in Sources */,
				868ECC7B2EB78B08005189A9 /* MockTVSimilarRepository.swift in Sources */,
				8671790C2E75ABD500681D72 /* CrewMember.swift in Sources */,
				868ECC1B2EB4EBF3005189A9 /* TVSeriesPopularResponseDTO.swift in Sources */,
				868ECC772EB78AC4005189A9 /* TVSimilarRepositoryProtocol.swift in Sources */,
				867179062E75AAB800681D72 /* CastDTO.swift in Sources */,
				868ECC752EB78A84005189A9 /* TVSeriesSimilarResponseDTO.swift in Sources */,
				861B34A52E7EAADB004227CC /* MovieRepository.swift in Sources */,
				861B34A92E81311C004227CC /* ActorImageDTO.swift in Sources */,
				861B349F2E7E9B0F004227CC /* UpcomingResponseDTO.swift in Sources */,
				861B348C2E7E8968004227CC /* NetworkService.swift in Sources */,
				861B34A12E7E9B64004227CC /* MovieVideosResponseDTO.swift in Sources */,
				861B348E2E7E8A74004227CC /* Endpoint.swift in Sources */,
				861B34AD2E83C92C004227CC /* MovieDetailsRepository.swift in Sources */,
				861B34A32E7E9B89004227CC /* MoviesSimilarResponseDTO.swift in Sources */,
				868ECC022EB14ED0005189A9 /* TVSeriesTopRateResponseDTO.swift in Sources */,
				861B349D2E7E9A97004227CC /* TopRatedResponseDTO.swift in Sources */,
				861B349B2E7E99E9004227CC /* GenresResponseDTO.swift in Sources */,
				867178EE2E7583E700681D72 /* ActorMoviesResponseDTO.swift in Sources */,
				867179182E75AD4F00681D72 /* MovieCreditsRepositoryProtocol.swift in Sources */,
			);
			runOnlyForDeploymentPostprocessing = 0;
		};
/* End PBXSourcesBuildPhase section */

/* Begin PBXVariantGroup section */
		86367DD52E3A241400012D4E /* LaunchScreen.storyboard */ = {
			isa = PBXVariantGroup;
			children = (
				86367DDB2E3A241400012D4E /* Base */,
			);
			name = LaunchScreen.storyboard;
			sourceTree = "<group>";
		};
/* End PBXVariantGroup section */

/* Begin XCBuildConfiguration section */
		868D071A2E33982C00224CD9 /* Debug */ = {
			isa = XCBuildConfiguration;
			baseConfigurationReference = 869608272E96DF590040E51A /* Secrets.xcconfig */;
			buildSettings = {
				ASSETCATALOG_COMPILER_APPICON_NAME = AppIcon;
				ASSETCATALOG_COMPILER_GLOBAL_ACCENT_COLOR_NAME = AccentColor;
				CODE_SIGN_IDENTITY = "Apple Development";
				CODE_SIGN_STYLE = Automatic;
				CURRENT_PROJECT_VERSION = 2;
				DEVELOPMENT_TEAM = 6V3337XGWL;
				GENERATE_INFOPLIST_FILE = YES;
				INFOPLIST_FILE = /Users/VladOS/Developer/MovieApp/Resources/Info.plist;
				INFOPLIST_KEY_CFBundleDisplayName = "Movie Explorer";
				INFOPLIST_KEY_UIApplicationSupportsIndirectInputEvents = YES;
				INFOPLIST_KEY_UILaunchStoryboardName = LaunchScreen;
				INFOPLIST_KEY_UISupportedInterfaceOrientations_iPad = "UIInterfaceOrientationPortrait UIInterfaceOrientationPortraitUpsideDown UIInterfaceOrientationLandscapeLeft UIInterfaceOrientationLandscapeRight";
				INFOPLIST_KEY_UISupportedInterfaceOrientations_iPhone = "UIInterfaceOrientationPortrait UIInterfaceOrientationLandscapeLeft UIInterfaceOrientationLandscapeRight";
				IPHONEOS_DEPLOYMENT_TARGET = 16.6;
				LD_RUNPATH_SEARCH_PATHS = (
					"$(inherited)",
					"@executable_path/Frameworks",
				);
				MARKETING_VERSION = 1.0;
				PRODUCT_BUNDLE_IDENTIFIER = com.VladOS.MovieApp;
				PRODUCT_NAME = "$(TARGET_NAME)";
				PROVISIONING_PROFILE_SPECIFIER = "";
				SUPPORTED_PLATFORMS = "iphoneos iphonesimulator";
				SUPPORTS_MACCATALYST = NO;
				SUPPORTS_MAC_DESIGNED_FOR_IPHONE_IPAD = NO;
				SUPPORTS_XR_DESIGNED_FOR_IPHONE_IPAD = NO;
				SWIFT_EMIT_LOC_STRINGS = YES;
				SWIFT_VERSION = 5.0;
				TARGETED_DEVICE_FAMILY = 1;
			};
			name = Debug;
		};
		868D071B2E33982C00224CD9 /* Release */ = {
			isa = XCBuildConfiguration;
			baseConfigurationReference = 869608272E96DF590040E51A /* Secrets.xcconfig */;
			buildSettings = {
				ASSETCATALOG_COMPILER_APPICON_NAME = AppIcon;
				ASSETCATALOG_COMPILER_GLOBAL_ACCENT_COLOR_NAME = AccentColor;
				CODE_SIGN_IDENTITY = "Apple Development";
				CODE_SIGN_STYLE = Automatic;
				CURRENT_PROJECT_VERSION = 2;
				DEVELOPMENT_TEAM = 6V3337XGWL;
				GENERATE_INFOPLIST_FILE = YES;
				INFOPLIST_FILE = /Users/VladOS/Developer/MovieApp/Resources/Info.plist;
				INFOPLIST_KEY_CFBundleDisplayName = "Movie Explorer";
				INFOPLIST_KEY_UIApplicationSupportsIndirectInputEvents = YES;
				INFOPLIST_KEY_UILaunchStoryboardName = LaunchScreen;
				INFOPLIST_KEY_UISupportedInterfaceOrientations_iPad = "UIInterfaceOrientationPortrait UIInterfaceOrientationPortraitUpsideDown UIInterfaceOrientationLandscapeLeft UIInterfaceOrientationLandscapeRight";
				INFOPLIST_KEY_UISupportedInterfaceOrientations_iPhone = "UIInterfaceOrientationPortrait UIInterfaceOrientationLandscapeLeft UIInterfaceOrientationLandscapeRight";
				IPHONEOS_DEPLOYMENT_TARGET = 16.6;
				LD_RUNPATH_SEARCH_PATHS = (
					"$(inherited)",
					"@executable_path/Frameworks",
				);
				MARKETING_VERSION = 1.0;
				PRODUCT_BUNDLE_IDENTIFIER = com.VladOS.MovieApp;
				PRODUCT_NAME = "$(TARGET_NAME)";
				PROVISIONING_PROFILE_SPECIFIER = "";
				SUPPORTED_PLATFORMS = "iphoneos iphonesimulator";
				SUPPORTS_MACCATALYST = NO;
				SUPPORTS_MAC_DESIGNED_FOR_IPHONE_IPAD = NO;
				SUPPORTS_XR_DESIGNED_FOR_IPHONE_IPAD = NO;
				SWIFT_EMIT_LOC_STRINGS = YES;
				SWIFT_VERSION = 5.0;
				TARGETED_DEVICE_FAMILY = 1;
			};
			name = Release;
		};
		868D071C2E33982C00224CD9 /* Debug */ = {
			isa = XCBuildConfiguration;
			buildSettings = {
				ALWAYS_SEARCH_USER_PATHS = NO;
				ASSETCATALOG_COMPILER_GENERATE_SWIFT_ASSET_SYMBOL_EXTENSIONS = YES;
				CLANG_ANALYZER_NONNULL = YES;
				CLANG_ANALYZER_NUMBER_OBJECT_CONVERSION = YES_AGGRESSIVE;
				CLANG_CXX_LANGUAGE_STANDARD = "gnu++20";
				CLANG_ENABLE_MODULES = YES;
				CLANG_ENABLE_OBJC_ARC = YES;
				CLANG_ENABLE_OBJC_WEAK = YES;
				CLANG_WARN_BLOCK_CAPTURE_AUTORELEASING = YES;
				CLANG_WARN_BOOL_CONVERSION = YES;
				CLANG_WARN_COMMA = YES;
				CLANG_WARN_CONSTANT_CONVERSION = YES;
				CLANG_WARN_DEPRECATED_OBJC_IMPLEMENTATIONS = YES;
				CLANG_WARN_DIRECT_OBJC_ISA_USAGE = YES_ERROR;
				CLANG_WARN_DOCUMENTATION_COMMENTS = YES;
				CLANG_WARN_EMPTY_BODY = YES;
				CLANG_WARN_ENUM_CONVERSION = YES;
				CLANG_WARN_INFINITE_RECURSION = YES;
				CLANG_WARN_INT_CONVERSION = YES;
				CLANG_WARN_NON_LITERAL_NULL_CONVERSION = YES;
				CLANG_WARN_OBJC_IMPLICIT_RETAIN_SELF = YES;
				CLANG_WARN_OBJC_LITERAL_CONVERSION = YES;
				CLANG_WARN_OBJC_ROOT_CLASS = YES_ERROR;
				CLANG_WARN_QUOTED_INCLUDE_IN_FRAMEWORK_HEADER = YES;
				CLANG_WARN_RANGE_LOOP_ANALYSIS = YES;
				CLANG_WARN_STRICT_PROTOTYPES = YES;
				CLANG_WARN_SUSPICIOUS_MOVE = YES;
				CLANG_WARN_UNGUARDED_AVAILABILITY = YES_AGGRESSIVE;
				CLANG_WARN_UNREACHABLE_CODE = YES;
				CLANG_WARN__DUPLICATE_METHOD_MATCH = YES;
				COPY_PHASE_STRIP = NO;
				DEBUG_INFORMATION_FORMAT = dwarf;
				ENABLE_STRICT_OBJC_MSGSEND = YES;
				ENABLE_TESTABILITY = YES;
				ENABLE_USER_SCRIPT_SANDBOXING = YES;
				GCC_C_LANGUAGE_STANDARD = gnu17;
				GCC_DYNAMIC_NO_PIC = NO;
				GCC_NO_COMMON_BLOCKS = YES;
				GCC_OPTIMIZATION_LEVEL = 0;
				GCC_PREPROCESSOR_DEFINITIONS = (
					"DEBUG=1",
					"$(inherited)",
				);
				GCC_WARN_64_TO_32_BIT_CONVERSION = YES;
				GCC_WARN_ABOUT_RETURN_TYPE = YES_ERROR;
				GCC_WARN_UNDECLARED_SELECTOR = YES;
				GCC_WARN_UNINITIALIZED_AUTOS = YES_AGGRESSIVE;
				GCC_WARN_UNUSED_FUNCTION = YES;
				GCC_WARN_UNUSED_VARIABLE = YES;
				IPHONEOS_DEPLOYMENT_TARGET = 18.2;
				LOCALIZATION_PREFERS_STRING_CATALOGS = YES;
				MTL_ENABLE_DEBUG_INFO = INCLUDE_SOURCE;
				MTL_FAST_MATH = YES;
				ONLY_ACTIVE_ARCH = YES;
				SDKROOT = iphoneos;
				SWIFT_ACTIVE_COMPILATION_CONDITIONS = "DEBUG $(inherited)";
				SWIFT_OPTIMIZATION_LEVEL = "-Onone";
			};
			name = Debug;
		};
		868D071D2E33982C00224CD9 /* Release */ = {
			isa = XCBuildConfiguration;
			buildSettings = {
				ALWAYS_SEARCH_USER_PATHS = NO;
				ASSETCATALOG_COMPILER_GENERATE_SWIFT_ASSET_SYMBOL_EXTENSIONS = YES;
				CLANG_ANALYZER_NONNULL = YES;
				CLANG_ANALYZER_NUMBER_OBJECT_CONVERSION = YES_AGGRESSIVE;
				CLANG_CXX_LANGUAGE_STANDARD = "gnu++20";
				CLANG_ENABLE_MODULES = YES;
				CLANG_ENABLE_OBJC_ARC = YES;
				CLANG_ENABLE_OBJC_WEAK = YES;
				CLANG_WARN_BLOCK_CAPTURE_AUTORELEASING = YES;
				CLANG_WARN_BOOL_CONVERSION = YES;
				CLANG_WARN_COMMA = YES;
				CLANG_WARN_CONSTANT_CONVERSION = YES;
				CLANG_WARN_DEPRECATED_OBJC_IMPLEMENTATIONS = YES;
				CLANG_WARN_DIRECT_OBJC_ISA_USAGE = YES_ERROR;
				CLANG_WARN_DOCUMENTATION_COMMENTS = YES;
				CLANG_WARN_EMPTY_BODY = YES;
				CLANG_WARN_ENUM_CONVERSION = YES;
				CLANG_WARN_INFINITE_RECURSION = YES;
				CLANG_WARN_INT_CONVERSION = YES;
				CLANG_WARN_NON_LITERAL_NULL_CONVERSION = YES;
				CLANG_WARN_OBJC_IMPLICIT_RETAIN_SELF = YES;
				CLANG_WARN_OBJC_LITERAL_CONVERSION = YES;
				CLANG_WARN_OBJC_ROOT_CLASS = YES_ERROR;
				CLANG_WARN_QUOTED_INCLUDE_IN_FRAMEWORK_HEADER = YES;
				CLANG_WARN_RANGE_LOOP_ANALYSIS = YES;
				CLANG_WARN_STRICT_PROTOTYPES = YES;
				CLANG_WARN_SUSPICIOUS_MOVE = YES;
				CLANG_WARN_UNGUARDED_AVAILABILITY = YES_AGGRESSIVE;
				CLANG_WARN_UNREACHABLE_CODE = YES;
				CLANG_WARN__DUPLICATE_METHOD_MATCH = YES;
				COPY_PHASE_STRIP = NO;
				DEBUG_INFORMATION_FORMAT = "dwarf-with-dsym";
				ENABLE_NS_ASSERTIONS = NO;
				ENABLE_STRICT_OBJC_MSGSEND = YES;
				ENABLE_USER_SCRIPT_SANDBOXING = YES;
				GCC_C_LANGUAGE_STANDARD = gnu17;
				GCC_NO_COMMON_BLOCKS = YES;
				GCC_WARN_64_TO_32_BIT_CONVERSION = YES;
				GCC_WARN_ABOUT_RETURN_TYPE = YES_ERROR;
				GCC_WARN_UNDECLARED_SELECTOR = YES;
				GCC_WARN_UNINITIALIZED_AUTOS = YES_AGGRESSIVE;
				GCC_WARN_UNUSED_FUNCTION = YES;
				GCC_WARN_UNUSED_VARIABLE = YES;
				IPHONEOS_DEPLOYMENT_TARGET = 18.2;
				LOCALIZATION_PREFERS_STRING_CATALOGS = YES;
				MTL_ENABLE_DEBUG_INFO = NO;
				MTL_FAST_MATH = YES;
				SDKROOT = iphoneos;
				SWIFT_COMPILATION_MODE = wholemodule;
				VALIDATE_PRODUCT = YES;
			};
			name = Release;
		};
/* End XCBuildConfiguration section */

/* Begin XCConfigurationList section */
		868D06FE2E33982A00224CD9 /* Build configuration list for PBXProject "MovieApp" */ = {
			isa = XCConfigurationList;
			buildConfigurations = (
				868D071C2E33982C00224CD9 /* Debug */,
				868D071D2E33982C00224CD9 /* Release */,
			);
			defaultConfigurationIsVisible = 0;
			defaultConfigurationName = Release;
		};
		868D07192E33982C00224CD9 /* Build configuration list for PBXNativeTarget "MovieApp" */ = {
			isa = XCConfigurationList;
			buildConfigurations = (
				868D071A2E33982C00224CD9 /* Debug */,
				868D071B2E33982C00224CD9 /* Release */,
			);
			defaultConfigurationIsVisible = 0;
			defaultConfigurationName = Release;
		};
/* End XCConfigurationList section */

/* Begin XCRemoteSwiftPackageReference section */
		86367ED32E3E80A900012D4E /* XCRemoteSwiftPackageReference "KeychainAccess" */ = {
			isa = XCRemoteSwiftPackageReference;
			repositoryURL = "https://github.com/kishikawakatsumi/KeychainAccess";
			requirement = {
				branch = master;
				kind = branch;
			};
		};
		867178592E7194D200681D72 /* XCRemoteSwiftPackageReference "youtube-ios-player-helper" */ = {
			isa = XCRemoteSwiftPackageReference;
			repositoryURL = "https://github.com/youtube/youtube-ios-player-helper";
			requirement = {
				kind = upToNextMajorVersion;
				minimumVersion = 1.0.4;
			};
		};
		869608402EA68C100040E51A /* XCRemoteSwiftPackageReference "Kingfisher" */ = {
			isa = XCRemoteSwiftPackageReference;
			repositoryURL = "https://github.com/onevcat/Kingfisher.git";
			requirement = {
				kind = upToNextMajorVersion;
				minimumVersion = 8.6.0;
			};
		};
/* End XCRemoteSwiftPackageReference section */

/* Begin XCSwiftPackageProductDependency section */
		86367ED42E3E80A900012D4E /* KeychainAccess */ = {
			isa = XCSwiftPackageProductDependency;
			package = 86367ED32E3E80A900012D4E /* XCRemoteSwiftPackageReference "KeychainAccess" */;
			productName = KeychainAccess;
		};
		8671785A2E7194D200681D72 /* YouTubeiOSPlayerHelper */ = {
			isa = XCSwiftPackageProductDependency;
			package = 867178592E7194D200681D72 /* XCRemoteSwiftPackageReference "youtube-ios-player-helper" */;
			productName = YouTubeiOSPlayerHelper;
		};
		869608412EA68C100040E51A /* Kingfisher */ = {
			isa = XCSwiftPackageProductDependency;
			package = 869608402EA68C100040E51A /* XCRemoteSwiftPackageReference "Kingfisher" */;
			productName = Kingfisher;
		};
/* End XCSwiftPackageProductDependency section */

/* Begin XCVersionGroup section */
		86367DD72E3A241400012D4E /* MovieApp.xcdatamodeld */ = {
			isa = XCVersionGroup;
			children = (
				86367DDC2E3A241400012D4E /* MovieApp.xcdatamodel */,
			);
			currentVersion = 86367DDC2E3A241400012D4E /* MovieApp.xcdatamodel */;
			path = MovieApp.xcdatamodeld;
			sourceTree = "<group>";
			versionGroupType = wrapper.xcdatamodel;
		};
/* End XCVersionGroup section */
	};
	rootObject = 868D06FB2E33982A00224CD9 /* Project object */;
}
